// !$*UTF8*$!
{
	archiveVersion = 1;
	classes = {
	};
	objectVersion = 50;
	objects = {

/* Begin PBXBuildFile section */
		F10A0D2A2655C44900487FD5 /* CredentialsView.swift in Sources */ = {isa = PBXBuildFile; fileRef = F10A0D292655C44900487FD5 /* CredentialsView.swift */; };
		F10A0D2D2655C4D400487FD5 /* CheckInView.swift in Sources */ = {isa = PBXBuildFile; fileRef = F10A0D2C2655C4D400487FD5 /* CheckInView.swift */; };
		F10A0D302655C76600487FD5 /* InfoFieldView.swift in Sources */ = {isa = PBXBuildFile; fileRef = F10A0D2F2655C76600487FD5 /* InfoFieldView.swift */; };
		F10A0D372655CB7900487FD5 /* Font.swift in Sources */ = {isa = PBXBuildFile; fileRef = F10A0D362655CB7900487FD5 /* Font.swift */; };
		F10A0D392655CCE700487FD5 /* Color.swift in Sources */ = {isa = PBXBuildFile; fileRef = F10A0D382655CCE700487FD5 /* Color.swift */; };
		F10A0D3D2655D0BF00487FD5 /* CustomTextField.swift in Sources */ = {isa = PBXBuildFile; fileRef = F10A0D3C2655D0BF00487FD5 /* CustomTextField.swift */; };
		F16985E92653101600B26671 /* TicketScannerApp.swift in Sources */ = {isa = PBXBuildFile; fileRef = F16985D62653101400B26671 /* TicketScannerApp.swift */; };
		F16985EB2653101600B26671 /* RegistrationView.swift in Sources */ = {isa = PBXBuildFile; fileRef = F16985D72653101400B26671 /* RegistrationView.swift */; };
		F16985ED2653101600B26671 /* Assets.xcassets in Resources */ = {isa = PBXBuildFile; fileRef = F16985D82653101500B26671 /* Assets.xcassets */; };
		F1698605265315B600B26671 /* SquareView.swift in Sources */ = {isa = PBXBuildFile; fileRef = F1698604265315B600B26671 /* SquareView.swift */; };
		F1698607265321A000B26671 /* EKRepro-2204.otf in Resources */ = {isa = PBXBuildFile; fileRef = F1698606265321A000B26671 /* EKRepro-2204.otf */; };
		F169860B265322C400B26671 /* Action.swift in Sources */ = {isa = PBXBuildFile; fileRef = F169860A265322C400B26671 /* Action.swift */; };
/* End PBXBuildFile section */

/* Begin PBXFileReference section */
		F10A0D292655C44900487FD5 /* CredentialsView.swift */ = {isa = PBXFileReference; lastKnownFileType = sourcecode.swift; path = CredentialsView.swift; sourceTree = "<group>"; };
		F10A0D2C2655C4D400487FD5 /* CheckInView.swift */ = {isa = PBXFileReference; lastKnownFileType = sourcecode.swift; path = CheckInView.swift; sourceTree = "<group>"; };
		F10A0D2F2655C76600487FD5 /* InfoFieldView.swift */ = {isa = PBXFileReference; lastKnownFileType = sourcecode.swift; path = InfoFieldView.swift; sourceTree = "<group>"; };
		F10A0D362655CB7900487FD5 /* Font.swift */ = {isa = PBXFileReference; lastKnownFileType = sourcecode.swift; path = Font.swift; sourceTree = "<group>"; };
		F10A0D382655CCE700487FD5 /* Color.swift */ = {isa = PBXFileReference; lastKnownFileType = sourcecode.swift; path = Color.swift; sourceTree = "<group>"; };
		F10A0D3C2655D0BF00487FD5 /* CustomTextField.swift */ = {isa = PBXFileReference; lastKnownFileType = sourcecode.swift; path = CustomTextField.swift; sourceTree = "<group>"; };
		F16985D62653101400B26671 /* TicketScannerApp.swift */ = {isa = PBXFileReference; lastKnownFileType = sourcecode.swift; path = TicketScannerApp.swift; sourceTree = "<group>"; };
		F16985D72653101400B26671 /* RegistrationView.swift */ = {isa = PBXFileReference; lastKnownFileType = sourcecode.swift; path = RegistrationView.swift; sourceTree = "<group>"; };
		F16985D82653101500B26671 /* Assets.xcassets */ = {isa = PBXFileReference; lastKnownFileType = folder.assetcatalog; path = Assets.xcassets; sourceTree = "<group>"; };
		F16985DD2653101600B26671 /* TicketScanner.app */ = {isa = PBXFileReference; explicitFileType = wrapper.application; includeInIndex = 0; path = TicketScanner.app; sourceTree = BUILT_PRODUCTS_DIR; };
		F16985E02653101600B26671 /* Info.plist */ = {isa = PBXFileReference; lastKnownFileType = text.plist.xml; path = Info.plist; sourceTree = "<group>"; };
		F1698604265315B600B26671 /* SquareView.swift */ = {isa = PBXFileReference; lastKnownFileType = sourcecode.swift; path = SquareView.swift; sourceTree = "<group>"; };
		F1698606265321A000B26671 /* EKRepro-2204.otf */ = {isa = PBXFileReference; lastKnownFileType = file; path = "EKRepro-2204.otf"; sourceTree = "<group>"; };
		F169860A265322C400B26671 /* Action.swift */ = {isa = PBXFileReference; lastKnownFileType = sourcecode.swift; path = Action.swift; sourceTree = "<group>"; };
/* End PBXFileReference section */

/* Begin PBXFrameworksBuildPhase section */
		F16985DA2653101600B26671 /* Frameworks */ = {
			isa = PBXFrameworksBuildPhase;
			buildActionMask = 2147483647;
			files = (
			);
			runOnlyForDeploymentPostprocessing = 0;
		};
/* End PBXFrameworksBuildPhase section */

/* Begin PBXGroup section */
		F10A0D272655C3FE00487FD5 /* CredentialsView */ = {
			isa = PBXGroup;
			children = (
				F10A0D2E2655C71800487FD5 /* Views */,
				F10A0D292655C44900487FD5 /* CredentialsView.swift */,
			);
			path = CredentialsView;
			sourceTree = "<group>";
		};
		F10A0D282655C42A00487FD5 /* Views */ = {
			isa = PBXGroup;
			children = (
				F10A0D2B2655C49900487FD5 /* CheckInView */,
				F10A0D272655C3FE00487FD5 /* CredentialsView */,
			);
			path = Views;
			sourceTree = "<group>";
		};
		F10A0D2B2655C49900487FD5 /* CheckInView */ = {
			isa = PBXGroup;
			children = (
				F10A0D2C2655C4D400487FD5 /* CheckInView.swift */,
			);
			path = CheckInView;
			sourceTree = "<group>";
		};
		F10A0D2E2655C71800487FD5 /* Views */ = {
			isa = PBXGroup;
			children = (
				F10A0D2F2655C76600487FD5 /* InfoFieldView.swift */,
			);
			path = Views;
			sourceTree = "<group>";
		};
		F10A0D352655CB6B00487FD5 /* SwiftUI */ = {
			isa = PBXGroup;
			children = (
				F10A0D362655CB7900487FD5 /* Font.swift */,
				F10A0D382655CCE700487FD5 /* Color.swift */,
			);
			path = SwiftUI;
			sourceTree = "<group>";
		};
		F10A0D3A2655D0A300487FD5 /* Universal */ = {
			isa = PBXGroup;
			children = (
				F10A0D3B2655D0AD00487FD5 /* View */,
			);
			path = Universal;
			sourceTree = "<group>";
		};
		F10A0D3B2655D0AD00487FD5 /* View */ = {
			isa = PBXGroup;
			children = (
				F10A0D3C2655D0BF00487FD5 /* CustomTextField.swift */,
			);
			path = View;
			sourceTree = "<group>";
		};
		F16985D02653101400B26671 = {
			isa = PBXGroup;
			children = (
				F16985D52653101400B26671 /* TicketScanner */,
				F16985DE2653101600B26671 /* Products */,
			);
			sourceTree = "<group>";
		};
		F16985D52653101400B26671 /* TicketScanner */ = {
			isa = PBXGroup;
			children = (
				F16985F82653122100B26671 /* App */,
				F16985FA2653125200B26671 /* Resources */,
				F16985FB2653127100B26671 /* Modules */,
			);
			path = TicketScanner;
			sourceTree = "<group>";
		};
		F16985DE2653101600B26671 /* Products */ = {
			isa = PBXGroup;
			children = (
				F16985DD2653101600B26671 /* TicketScanner.app */,
			);
			name = Products;
			sourceTree = "<group>";
		};
		F16985F82653122100B26671 /* App */ = {
			isa = PBXGroup;
			children = (
				F16985D62653101400B26671 /* TicketScannerApp.swift */,
			);
			path = App;
			sourceTree = "<group>";
		};
		F16985FA2653125200B26671 /* Resources */ = {
			isa = PBXGroup;
			children = (
				F1698608265321A600B26671 /* Fonts */,
				F16985D82653101500B26671 /* Assets.xcassets */,
				F16985E02653101600B26671 /* Info.plist */,
				F1698609265322B600B26671 /* Utils */,
			);
			path = Resources;
			sourceTree = "<group>";
		};
		F16985FB2653127100B26671 /* Modules */ = {
			isa = PBXGroup;
			children = (
				F16985FC2653127B00B26671 /* Registration */,
				F10A0D3A2655D0A300487FD5 /* Universal */,
			);
			path = Modules;
			sourceTree = "<group>";
		};
		F16985FC2653127B00B26671 /* Registration */ = {
			isa = PBXGroup;
			children = (
				F16986022653156600B26671 /* Views */,
				F16985D72653101400B26671 /* RegistrationView.swift */,
			);
			path = Registration;
			sourceTree = "<group>";
		};
		F16986022653156600B26671 /* Views */ = {
			isa = PBXGroup;
			children = (
				F16986032653157E00B26671 /* SquareView */,
			);
			path = Views;
			sourceTree = "<group>";
		};
		F16986032653157E00B26671 /* SquareView */ = {
			isa = PBXGroup;
			children = (
				F10A0D282655C42A00487FD5 /* Views */,
				F1698604265315B600B26671 /* SquareView.swift */,
			);
			path = SquareView;
			sourceTree = "<group>";
		};
		F1698608265321A600B26671 /* Fonts */ = {
			isa = PBXGroup;
			children = (
				F1698606265321A000B26671 /* EKRepro-2204.otf */,
			);
			path = Fonts;
			sourceTree = "<group>";
		};
		F1698609265322B600B26671 /* Utils */ = {
			isa = PBXGroup;
			children = (
				F10A0D352655CB6B00487FD5 /* SwiftUI */,
				F169860A265322C400B26671 /* Action.swift */,
			);
			path = Utils;
			sourceTree = "<group>";
		};
/* End PBXGroup section */

/* Begin PBXNativeTarget section */
		F16985DC2653101600B26671 /* TicketScanner (iOS) */ = {
			isa = PBXNativeTarget;
			buildConfigurationList = F16985F12653101600B26671 /* Build configuration list for PBXNativeTarget "TicketScanner (iOS)" */;
			buildPhases = (
				F16985D92653101600B26671 /* Sources */,
				F16985DA2653101600B26671 /* Frameworks */,
				F16985DB2653101600B26671 /* Resources */,
			);
			buildRules = (
			);
			dependencies = (
			);
			name = "TicketScanner (iOS)";
			productName = "TicketScanner (iOS)";
			productReference = F16985DD2653101600B26671 /* TicketScanner.app */;
			productType = "com.apple.product-type.application";
		};
/* End PBXNativeTarget section */

/* Begin PBXProject section */
		F16985D12653101400B26671 /* Project object */ = {
			isa = PBXProject;
			attributes = {
				LastSwiftUpdateCheck = 1250;
				LastUpgradeCheck = 1250;
				TargetAttributes = {
					F16985DC2653101600B26671 = {
						CreatedOnToolsVersion = 12.5;
					};
				};
			};
			buildConfigurationList = F16985D42653101400B26671 /* Build configuration list for PBXProject "TicketScanner" */;
			compatibilityVersion = "Xcode 9.3";
			developmentRegion = en;
			hasScannedForEncodings = 0;
			knownRegions = (
				en,
				Base,
			);
			mainGroup = F16985D02653101400B26671;
			productRefGroup = F16985DE2653101600B26671 /* Products */;
			projectDirPath = "";
			projectRoot = "";
			targets = (
				F16985DC2653101600B26671 /* TicketScanner (iOS) */,
			);
		};
/* End PBXProject section */

/* Begin PBXResourcesBuildPhase section */
		F16985DB2653101600B26671 /* Resources */ = {
			isa = PBXResourcesBuildPhase;
			buildActionMask = 2147483647;
			files = (
				F1698607265321A000B26671 /* EKRepro-2204.otf in Resources */,
				F16985ED2653101600B26671 /* Assets.xcassets in Resources */,
			);
			runOnlyForDeploymentPostprocessing = 0;
		};
/* End PBXResourcesBuildPhase section */

/* Begin PBXSourcesBuildPhase section */
		F16985D92653101600B26671 /* Sources */ = {
			isa = PBXSourcesBuildPhase;
			buildActionMask = 2147483647;
			files = (
				F1698605265315B600B26671 /* SquareView.swift in Sources */,
				F10A0D302655C76600487FD5 /* InfoFieldView.swift in Sources */,
				F10A0D2A2655C44900487FD5 /* CredentialsView.swift in Sources */,
				F10A0D392655CCE700487FD5 /* Color.swift in Sources */,
				F10A0D3D2655D0BF00487FD5 /* CustomTextField.swift in Sources */,
				F10A0D2D2655C4D400487FD5 /* CheckInView.swift in Sources */,
				F169860B265322C400B26671 /* Action.swift in Sources */,
				F10A0D372655CB7900487FD5 /* Font.swift in Sources */,
				F16985EB2653101600B26671 /* RegistrationView.swift in Sources */,
				F16985E92653101600B26671 /* TicketScannerApp.swift in Sources */,
			);
			runOnlyForDeploymentPostprocessing = 0;
		};
/* End PBXSourcesBuildPhase section */

/* Begin XCBuildConfiguration section */
		F16985EF2653101600B26671 /* Debug */ = {
			isa = XCBuildConfiguration;
			buildSettings = {
				ALWAYS_SEARCH_USER_PATHS = NO;
				CLANG_ANALYZER_NONNULL = YES;
				CLANG_ANALYZER_NUMBER_OBJECT_CONVERSION = YES_AGGRESSIVE;
				CLANG_CXX_LANGUAGE_STANDARD = "gnu++14";
				CLANG_CXX_LIBRARY = "libc++";
				CLANG_ENABLE_MODULES = YES;
				CLANG_ENABLE_OBJC_ARC = YES;
				CLANG_ENABLE_OBJC_WEAK = YES;
				CLANG_WARN_BLOCK_CAPTURE_AUTORELEASING = YES;
				CLANG_WARN_BOOL_CONVERSION = YES;
				CLANG_WARN_COMMA = YES;
				CLANG_WARN_CONSTANT_CONVERSION = YES;
				CLANG_WARN_DEPRECATED_OBJC_IMPLEMENTATIONS = YES;
				CLANG_WARN_DIRECT_OBJC_ISA_USAGE = YES_ERROR;
				CLANG_WARN_DOCUMENTATION_COMMENTS = YES;
				CLANG_WARN_EMPTY_BODY = YES;
				CLANG_WARN_ENUM_CONVERSION = YES;
				CLANG_WARN_INFINITE_RECURSION = YES;
				CLANG_WARN_INT_CONVERSION = YES;
				CLANG_WARN_NON_LITERAL_NULL_CONVERSION = YES;
				CLANG_WARN_OBJC_IMPLICIT_RETAIN_SELF = YES;
				CLANG_WARN_OBJC_LITERAL_CONVERSION = YES;
				CLANG_WARN_OBJC_ROOT_CLASS = YES_ERROR;
				CLANG_WARN_QUOTED_INCLUDE_IN_FRAMEWORK_HEADER = YES;
				CLANG_WARN_RANGE_LOOP_ANALYSIS = YES;
				CLANG_WARN_STRICT_PROTOTYPES = YES;
				CLANG_WARN_SUSPICIOUS_MOVE = YES;
				CLANG_WARN_UNGUARDED_AVAILABILITY = YES_AGGRESSIVE;
				CLANG_WARN_UNREACHABLE_CODE = YES;
				CLANG_WARN__DUPLICATE_METHOD_MATCH = YES;
				COPY_PHASE_STRIP = NO;
				DEBUG_INFORMATION_FORMAT = dwarf;
				ENABLE_STRICT_OBJC_MSGSEND = YES;
				ENABLE_TESTABILITY = YES;
				GCC_C_LANGUAGE_STANDARD = gnu11;
				GCC_DYNAMIC_NO_PIC = NO;
				GCC_NO_COMMON_BLOCKS = YES;
				GCC_OPTIMIZATION_LEVEL = 0;
				GCC_PREPROCESSOR_DEFINITIONS = (
					"DEBUG=1",
					"$(inherited)",
				);
				GCC_WARN_64_TO_32_BIT_CONVERSION = YES;
				GCC_WARN_ABOUT_RETURN_TYPE = YES_ERROR;
				GCC_WARN_UNDECLARED_SELECTOR = YES;
				GCC_WARN_UNINITIALIZED_AUTOS = YES_AGGRESSIVE;
				GCC_WARN_UNUSED_FUNCTION = YES;
				GCC_WARN_UNUSED_VARIABLE = YES;
				MTL_ENABLE_DEBUG_INFO = INCLUDE_SOURCE;
				MTL_FAST_MATH = YES;
				ONLY_ACTIVE_ARCH = YES;
				SWIFT_ACTIVE_COMPILATION_CONDITIONS = DEBUG;
				SWIFT_OPTIMIZATION_LEVEL = "-Onone";
			};
			name = Debug;
		};
		F16985F02653101600B26671 /* Release */ = {
			isa = XCBuildConfiguration;
			buildSettings = {
				ALWAYS_SEARCH_USER_PATHS = NO;
				CLANG_ANALYZER_NONNULL = YES;
				CLANG_ANALYZER_NUMBER_OBJECT_CONVERSION = YES_AGGRESSIVE;
				CLANG_CXX_LANGUAGE_STANDARD = "gnu++14";
				CLANG_CXX_LIBRARY = "libc++";
				CLANG_ENABLE_MODULES = YES;
				CLANG_ENABLE_OBJC_ARC = YES;
				CLANG_ENABLE_OBJC_WEAK = YES;
				CLANG_WARN_BLOCK_CAPTURE_AUTORELEASING = YES;
				CLANG_WARN_BOOL_CONVERSION = YES;
				CLANG_WARN_COMMA = YES;
				CLANG_WARN_CONSTANT_CONVERSION = YES;
				CLANG_WARN_DEPRECATED_OBJC_IMPLEMENTATIONS = YES;
				CLANG_WARN_DIRECT_OBJC_ISA_USAGE = YES_ERROR;
				CLANG_WARN_DOCUMENTATION_COMMENTS = YES;
				CLANG_WARN_EMPTY_BODY = YES;
				CLANG_WARN_ENUM_CONVERSION = YES;
				CLANG_WARN_INFINITE_RECURSION = YES;
				CLANG_WARN_INT_CONVERSION = YES;
				CLANG_WARN_NON_LITERAL_NULL_CONVERSION = YES;
				CLANG_WARN_OBJC_IMPLICIT_RETAIN_SELF = YES;
				CLANG_WARN_OBJC_LITERAL_CONVERSION = YES;
				CLANG_WARN_OBJC_ROOT_CLASS = YES_ERROR;
				CLANG_WARN_QUOTED_INCLUDE_IN_FRAMEWORK_HEADER = YES;
				CLANG_WARN_RANGE_LOOP_ANALYSIS = YES;
				CLANG_WARN_STRICT_PROTOTYPES = YES;
				CLANG_WARN_SUSPICIOUS_MOVE = YES;
				CLANG_WARN_UNGUARDED_AVAILABILITY = YES_AGGRESSIVE;
				CLANG_WARN_UNREACHABLE_CODE = YES;
				CLANG_WARN__DUPLICATE_METHOD_MATCH = YES;
				COPY_PHASE_STRIP = NO;
				DEBUG_INFORMATION_FORMAT = "dwarf-with-dsym";
				ENABLE_NS_ASSERTIONS = NO;
				ENABLE_STRICT_OBJC_MSGSEND = YES;
				GCC_C_LANGUAGE_STANDARD = gnu11;
				GCC_NO_COMMON_BLOCKS = YES;
				GCC_WARN_64_TO_32_BIT_CONVERSION = YES;
				GCC_WARN_ABOUT_RETURN_TYPE = YES_ERROR;
				GCC_WARN_UNDECLARED_SELECTOR = YES;
				GCC_WARN_UNINITIALIZED_AUTOS = YES_AGGRESSIVE;
				GCC_WARN_UNUSED_FUNCTION = YES;
				GCC_WARN_UNUSED_VARIABLE = YES;
				MTL_ENABLE_DEBUG_INFO = NO;
				MTL_FAST_MATH = YES;
				SWIFT_COMPILATION_MODE = wholemodule;
				SWIFT_OPTIMIZATION_LEVEL = "-O";
			};
			name = Release;
		};
		F16985F22653101600B26671 /* Debug */ = {
			isa = XCBuildConfiguration;
			buildSettings = {
				ASSETCATALOG_COMPILER_APPICON_NAME = AppIcon;
				ASSETCATALOG_COMPILER_GLOBAL_ACCENT_COLOR_NAME = AccentColor;
				CODE_SIGN_STYLE = Automatic;
				DEVELOPMENT_TEAM = 452NG5983H;
				ENABLE_PREVIEWS = YES;
				INFOPLIST_FILE = TicketScanner/Resources/Info.plist;
				IPHONEOS_DEPLOYMENT_TARGET = 14.0;
				LD_RUNPATH_SEARCH_PATHS = (
					"$(inherited)",
					"@executable_path/Frameworks",
				);
				PRODUCT_BUNDLE_IDENTIFIER = "ticket-scanner.com.TicketScanner";
				PRODUCT_NAME = TicketScanner;
				SDKROOT = iphoneos;
				SWIFT_VERSION = 5.0;
				TARGETED_DEVICE_FAMILY = 1;
			};
			name = Debug;
		};
		F16985F32653101600B26671 /* Release */ = {
			isa = XCBuildConfiguration;
			buildSettings = {
				ASSETCATALOG_COMPILER_APPICON_NAME = AppIcon;
				ASSETCATALOG_COMPILER_GLOBAL_ACCENT_COLOR_NAME = AccentColor;
				CODE_SIGN_STYLE = Automatic;
				DEVELOPMENT_TEAM = 452NG5983H;
				ENABLE_PREVIEWS = YES;
				INFOPLIST_FILE = TicketScanner/Resources/Info.plist;
				IPHONEOS_DEPLOYMENT_TARGET = 14.0;
				LD_RUNPATH_SEARCH_PATHS = (
					"$(inherited)",
					"@executable_path/Frameworks",
				);
				PRODUCT_BUNDLE_IDENTIFIER = "ticket-scanner.com.TicketScanner";
				PRODUCT_NAME = TicketScanner;
				SDKROOT = iphoneos;
				SWIFT_VERSION = 5.0;
				TARGETED_DEVICE_FAMILY = 1;
				VALIDATE_PRODUCT = YES;
			};
			name = Release;
		};
/* End XCBuildConfiguration section */

/* Begin XCConfigurationList section */
		F16985D42653101400B26671 /* Build configuration list for PBXProject "TicketScanner" */ = {
			isa = XCConfigurationList;
			buildConfigurations = (
				F16985EF2653101600B26671 /* Debug */,
				F16985F02653101600B26671 /* Release */,
			);
			defaultConfigurationIsVisible = 0;
			defaultConfigurationName = Release;
		};
		F16985F12653101600B26671 /* Build configuration list for PBXNativeTarget "TicketScanner (iOS)" */ = {
			isa = XCConfigurationList;
			buildConfigurations = (
				F16985F22653101600B26671 /* Debug */,
				F16985F32653101600B26671 /* Release */,
			);
			defaultConfigurationIsVisible = 0;
			defaultConfigurationName = Release;
		};
/* End XCConfigurationList section */
	};
	rootObject = F16985D12653101400B26671 /* Project object */;
}
