// !$*UTF8*$!
{
	archiveVersion = 1;
	classes = {
	};
	objectVersion = 52;
	objects = {

/* Begin PBXBuildFile section */
		F10A0D2A2655C44900487FD5 /* CredentialsView.swift in Sources */ = {isa = PBXBuildFile; fileRef = F10A0D292655C44900487FD5 /* CredentialsView.swift */; };
		F10A0D2D2655C4D400487FD5 /* CheckInView.swift in Sources */ = {isa = PBXBuildFile; fileRef = F10A0D2C2655C4D400487FD5 /* CheckInView.swift */; };
		F10A0D302655C76600487FD5 /* InfoFieldView.swift in Sources */ = {isa = PBXBuildFile; fileRef = F10A0D2F2655C76600487FD5 /* InfoFieldView.swift */; };
		F10A0D372655CB7900487FD5 /* Font.swift in Sources */ = {isa = PBXBuildFile; fileRef = F10A0D362655CB7900487FD5 /* Font.swift */; };
		F10A0D392655CCE700487FD5 /* Color.swift in Sources */ = {isa = PBXBuildFile; fileRef = F10A0D382655CCE700487FD5 /* Color.swift */; };
		F10A0D3D2655D0BF00487FD5 /* CustomTextField.swift in Sources */ = {isa = PBXBuildFile; fileRef = F10A0D3C2655D0BF00487FD5 /* CustomTextField.swift */; };
		F10FAE5C267677FA00B55A28 /* ScanStore.swift in Sources */ = {isa = PBXBuildFile; fileRef = F10FAE5B267677FA00B55A28 /* ScanStore.swift */; };
		F10FAE62267681C600B55A28 /* ManualEnterTextFieldContainer.swift in Sources */ = {isa = PBXBuildFile; fileRef = F10FAE61267681C600B55A28 /* ManualEnterTextFieldContainer.swift */; };
		F10FAE652676836700B55A28 /* ManualEnterTextField.swift in Sources */ = {isa = PBXBuildFile; fileRef = F10FAE642676836700B55A28 /* ManualEnterTextField.swift */; };
		F1102002267E9BC500AB420F /* ApiClient.swift in Sources */ = {isa = PBXBuildFile; fileRef = F1102001267E9BC500AB420F /* ApiClient.swift */; };
		F1102004267E9BFC00AB420F /* Requestable.swift in Sources */ = {isa = PBXBuildFile; fileRef = F1102003267E9BFC00AB420F /* Requestable.swift */; };
		F1102007267EA17100AB420F /* ApiManager.swift in Sources */ = {isa = PBXBuildFile; fileRef = F1102006267EA17100AB420F /* ApiManager.swift */; };
		F1102009267EA4D200AB420F /* Keychain.swift in Sources */ = {isa = PBXBuildFile; fileRef = F1102008267EA4D200AB420F /* Keychain.swift */; };
		F110200C267EA51400AB420F /* AccessToken.swift in Sources */ = {isa = PBXBuildFile; fileRef = F110200B267EA51400AB420F /* AccessToken.swift */; };
		F110200F267F333400AB420F /* MainApi.swift in Sources */ = {isa = PBXBuildFile; fileRef = F110200E267F333400AB420F /* MainApi.swift */; };
		F1102012267F366200AB420F /* AuthApiModel.swift in Sources */ = {isa = PBXBuildFile; fileRef = F1102011267F366200AB420F /* AuthApiModel.swift */; };
		F1102014267F387800AB420F /* ResponseHandler.swift in Sources */ = {isa = PBXBuildFile; fileRef = F1102013267F387800AB420F /* ResponseHandler.swift */; };
		F11A19C4267401FF001AE455 /* FullTicketModel.swift in Sources */ = {isa = PBXBuildFile; fileRef = F11A19C3267401FF001AE455 /* FullTicketModel.swift */; };
		F11A19D626741715001AE455 /* LeadingText.swift in Sources */ = {isa = PBXBuildFile; fileRef = F11A19D526741715001AE455 /* LeadingText.swift */; };
		F11A19DE2674D44E001AE455 /* Text.swift in Sources */ = {isa = PBXBuildFile; fileRef = F11A19DD2674D44E001AE455 /* Text.swift */; };
		F11A19E22674DD32001AE455 /* CenteringColumnPreferenceKey.swift in Sources */ = {isa = PBXBuildFile; fileRef = F11A19E12674DD32001AE455 /* CenteringColumnPreferenceKey.swift */; };
		F11A19E52674DD81001AE455 /* CenteringView.swift in Sources */ = {isa = PBXBuildFile; fileRef = F11A19E42674DD81001AE455 /* CenteringView.swift */; };
		F11A19E92674E088001AE455 /* Spacer.swift in Sources */ = {isa = PBXBuildFile; fileRef = F11A19E82674E088001AE455 /* Spacer.swift */; };
		F11BD1AD26B09B9F00ED352D /* ScanSuccessResultApiModel.swift in Sources */ = {isa = PBXBuildFile; fileRef = F11BD1AC26B09B9F00ED352D /* ScanSuccessResultApiModel.swift */; };
		F11BD1AF26B0B23C00ED352D /* Constants.swift in Sources */ = {isa = PBXBuildFile; fileRef = F11BD1AE26B0B23C00ED352D /* Constants.swift */; };
		F138C44D2677D33700915BC5 /* UINavigationController.swift in Sources */ = {isa = PBXBuildFile; fileRef = F138C44C2677D33700915BC5 /* UINavigationController.swift */; };
		F138C4502677D67300915BC5 /* TicketBackButton.swift in Sources */ = {isa = PBXBuildFile; fileRef = F138C44F2677D67300915BC5 /* TicketBackButton.swift */; };
		F138C4552678DB9600915BC5 /* AppDataStore.swift in Sources */ = {isa = PBXBuildFile; fileRef = F138C4542678DB9600915BC5 /* AppDataStore.swift */; };
		F138C4572678DBEB00915BC5 /* AppData.swift in Sources */ = {isa = PBXBuildFile; fileRef = F138C4562678DBEB00915BC5 /* AppData.swift */; };
		F138C4592678DE4200915BC5 /* AppRootView.swift in Sources */ = {isa = PBXBuildFile; fileRef = F138C4582678DE4200915BC5 /* AppRootView.swift */; };
		F13986F0266D1E5F00AD3199 /* ActiveView.swift in Sources */ = {isa = PBXBuildFile; fileRef = F13986EF266D1E5F00AD3199 /* ActiveView.swift */; };
		F14BB48226AC42A2004CA680 /* ParticipantsInfoModel.swift in Sources */ = {isa = PBXBuildFile; fileRef = F14BB48126AC42A2004CA680 /* ParticipantsInfoModel.swift */; };
		F14BB48926AC528F004CA680 /* ParticipantsListView.swift in Sources */ = {isa = PBXBuildFile; fileRef = F14BB48826AC528F004CA680 /* ParticipantsListView.swift */; };
		F14BB48C26AC54F2004CA680 /* TimeListView.swift in Sources */ = {isa = PBXBuildFile; fileRef = F14BB48B26AC54F2004CA680 /* TimeListView.swift */; };
		F14BB48F26AC589A004CA680 /* ParticipantTicketView.swift in Sources */ = {isa = PBXBuildFile; fileRef = F14BB48E26AC589A004CA680 /* ParticipantTicketView.swift */; };
		F14BB49326AC595F004CA680 /* ParticipantFullTicketView.swift in Sources */ = {isa = PBXBuildFile; fileRef = F14BB49226AC595F004CA680 /* ParticipantFullTicketView.swift */; };
		F14BB49526AC596C004CA680 /* ParticipantSmallTicketView.swift in Sources */ = {isa = PBXBuildFile; fileRef = F14BB49426AC596C004CA680 /* ParticipantSmallTicketView.swift */; };
		F14BB49826AC91D6004CA680 /* ProfileSquareView.swift in Sources */ = {isa = PBXBuildFile; fileRef = F14BB49726AC91D6004CA680 /* ProfileSquareView.swift */; };
		F14BB49B26AC9FB3004CA680 /* LogoutBigButton.swift in Sources */ = {isa = PBXBuildFile; fileRef = F14BB49A26AC9FB3004CA680 /* LogoutBigButton.swift */; };
		F1572836266D014800F6BE64 /* LogoutButton.swift in Sources */ = {isa = PBXBuildFile; fileRef = F1572834266CFFD300F6BE64 /* LogoutButton.swift */; };
		F1572837266D026000F6BE64 /* EventsListView.swift in Sources */ = {isa = PBXBuildFile; fileRef = F13288E32669416C009F2C48 /* EventsListView.swift */; };
		F157283B266D14AD00F6BE64 /* EventDataView.swift in Sources */ = {isa = PBXBuildFile; fileRef = F1572839266D122E00F6BE64 /* EventDataView.swift */; };
		F158F45E266569F100AB8AE6 /* String.swift in Sources */ = {isa = PBXBuildFile; fileRef = F158F45D266569F100AB8AE6 /* String.swift */; };
		F15BD055265DA27F0026B6DD /* CustomTextFieldSwift.swift in Sources */ = {isa = PBXBuildFile; fileRef = F15BD054265DA27F0026B6DD /* CustomTextFieldSwift.swift */; };
		F1648D5E266D2B6B00F1FDC1 /* EventModel.swift in Sources */ = {isa = PBXBuildFile; fileRef = F1648D5D266D2B6B00F1FDC1 /* EventModel.swift */; };
		F1648D60266D2F2100F1FDC1 /* Date.swift in Sources */ = {isa = PBXBuildFile; fileRef = F1648D5F266D2F2100F1FDC1 /* Date.swift */; };
		F1648D62266D4BC800F1FDC1 /* UINavigationBar.swift in Sources */ = {isa = PBXBuildFile; fileRef = F1648D61266D4BC800F1FDC1 /* UINavigationBar.swift */; };
		F1648D64266D55CA00F1FDC1 /* DateFormatter.swift in Sources */ = {isa = PBXBuildFile; fileRef = F1648D63266D55CA00F1FDC1 /* DateFormatter.swift */; };
		F1648D6E266EB4A900F1FDC1 /* ParticipantsView.swift in Sources */ = {isa = PBXBuildFile; fileRef = F1648D6D266EB4A900F1FDC1 /* ParticipantsView.swift */; };
		F1648D70266EB4BE00F1FDC1 /* ContactsView.swift in Sources */ = {isa = PBXBuildFile; fileRef = F1648D6F266EB4BD00F1FDC1 /* ContactsView.swift */; };
		F1648D72266EB4C700F1FDC1 /* ProfileView.swift in Sources */ = {isa = PBXBuildFile; fileRef = F1648D71266EB4C700F1FDC1 /* ProfileView.swift */; };
		F1648D75266EB4E400F1FDC1 /* EventTabBarView.swift in Sources */ = {isa = PBXBuildFile; fileRef = F1648D74266EB4E400F1FDC1 /* EventTabBarView.swift */; };
		F1648D77266EBB4300F1FDC1 /* UITabBar.swift in Sources */ = {isa = PBXBuildFile; fileRef = F1648D76266EBB4300F1FDC1 /* UITabBar.swift */; };
		F1648D7A266EBDFD00F1FDC1 /* EventsBackButton.swift in Sources */ = {isa = PBXBuildFile; fileRef = F1648D79266EBDFD00F1FDC1 /* EventsBackButton.swift */; };
		F1648D7D266EC50A00F1FDC1 /* TabBarModel.swift in Sources */ = {isa = PBXBuildFile; fileRef = F1648D7C266EC50A00F1FDC1 /* TabBarModel.swift */; };
		F1648D81266FE54700F1FDC1 /* ScanCameraView.swift in Sources */ = {isa = PBXBuildFile; fileRef = F1648D80266FE54700F1FDC1 /* ScanCameraView.swift */; };
		F1648D84266FE6B300F1FDC1 /* FlashView.swift in Sources */ = {isa = PBXBuildFile; fileRef = F1648D83266FE6B300F1FDC1 /* FlashView.swift */; };
		F1648D87266FEF9100F1FDC1 /* CodeScanner in Frameworks */ = {isa = PBXBuildFile; productRef = F1648D86266FEF9100F1FDC1 /* CodeScanner */; };
		F1648D8B266FFC1A00F1FDC1 /* ShowManualView.swift in Sources */ = {isa = PBXBuildFile; fileRef = F1648D8A266FFC1A00F1FDC1 /* ShowManualView.swift */; };
		F16985E92653101600B26671 /* TicketScannerApp.swift in Sources */ = {isa = PBXBuildFile; fileRef = F16985D62653101400B26671 /* TicketScannerApp.swift */; };
		F16985EB2653101600B26671 /* RegistrationView.swift in Sources */ = {isa = PBXBuildFile; fileRef = F16985D72653101400B26671 /* RegistrationView.swift */; };
		F16985ED2653101600B26671 /* Assets.xcassets in Resources */ = {isa = PBXBuildFile; fileRef = F16985D82653101500B26671 /* Assets.xcassets */; };
		F1698607265321A000B26671 /* EKRepro-2204.otf in Resources */ = {isa = PBXBuildFile; fileRef = F1698606265321A000B26671 /* EKRepro-2204.otf */; };
		F169860B265322C400B26671 /* Action.swift in Sources */ = {isa = PBXBuildFile; fileRef = F169860A265322C400B26671 /* Action.swift */; };
		F172FE8A26655EAC00FF9569 /* LoginCredentialsModel.swift in Sources */ = {isa = PBXBuildFile; fileRef = F172FE8926655EAC00FF9569 /* LoginCredentialsModel.swift */; };
		F172FE8D2665631A00FF9569 /* LoginCredentialsStore.swift in Sources */ = {isa = PBXBuildFile; fileRef = F172FE8C2665631A00FF9569 /* LoginCredentialsStore.swift */; };
		F198157E2674E4E500E9218F /* FullTicketView.swift in Sources */ = {isa = PBXBuildFile; fileRef = F19815722674E4E500E9218F /* FullTicketView.swift */; };
		F198157F2674E4E500E9218F /* TicketStatusView.swift in Sources */ = {isa = PBXBuildFile; fileRef = F19815742674E4E500E9218F /* TicketStatusView.swift */; };
		F19815802674E4E500E9218F /* OkButton.swift in Sources */ = {isa = PBXBuildFile; fileRef = F19815772674E4E500E9218F /* OkButton.swift */; };
		F19815812674E4E500E9218F /* WrongEventView.swift in Sources */ = {isa = PBXBuildFile; fileRef = F19815792674E4E500E9218F /* WrongEventView.swift */; };
		F19815822674E4E500E9218F /* CheckedInView.swift in Sources */ = {isa = PBXBuildFile; fileRef = F198157A2674E4E500E9218F /* CheckedInView.swift */; };
		F19815832674E4E500E9218F /* RefundedView.swift in Sources */ = {isa = PBXBuildFile; fileRef = F198157B2674E4E500E9218F /* RefundedView.swift */; };
		F19815842674E4E500E9218F /* TicketMainInfoView.swift in Sources */ = {isa = PBXBuildFile; fileRef = F198157C2674E4E500E9218F /* TicketMainInfoView.swift */; };
		F19815852674E4E500E9218F /* TicketSecondaryInfoView.swift in Sources */ = {isa = PBXBuildFile; fileRef = F198157D2674E4E500E9218F /* TicketSecondaryInfoView.swift */; };
		F198158826750A3F00E9218F /* AlertView.swift in Sources */ = {isa = PBXBuildFile; fileRef = F198158726750A3F00E9218F /* AlertView.swift */; };
		F198158B26750C4B00E9218F /* AlertContentView.swift in Sources */ = {isa = PBXBuildFile; fileRef = F198158A26750C4B00E9218F /* AlertContentView.swift */; };
		F198158E26750FD100E9218F /* AlertModel.swift in Sources */ = {isa = PBXBuildFile; fileRef = F198158D26750FD100E9218F /* AlertModel.swift */; };
		F1981590267520F900E9218F /* AlertSubview.swift in Sources */ = {isa = PBXBuildFile; fileRef = F198158F267520F900E9218F /* AlertSubview.swift */; };
		F198159126752FE800E9218F /* ScanView.swift in Sources */ = {isa = PBXBuildFile; fileRef = F1648D6B266EB49A00F1FDC1 /* ScanView.swift */; };
		F198159926754B7E00E9218F /* View.swift in Sources */ = {isa = PBXBuildFile; fileRef = F198159826754B7E00E9218F /* View.swift */; };
		F19815A1267653D300E9218F /* ManualEnterView.swift in Sources */ = {isa = PBXBuildFile; fileRef = F19815A0267653D300E9218F /* ManualEnterView.swift */; };
		F19815A426765FDF00E9218F /* ShowCameraView.swift in Sources */ = {isa = PBXBuildFile; fileRef = F19815A326765FDF00E9218F /* ShowCameraView.swift */; };
		F19815A62676658B00E9218F /* SelectorHelper.swift in Sources */ = {isa = PBXBuildFile; fileRef = F19815A52676658B00E9218F /* SelectorHelper.swift */; };
		F19815A92676698800E9218F /* ScanModel.swift in Sources */ = {isa = PBXBuildFile; fileRef = F19815A82676698800E9218F /* ScanModel.swift */; };
		F1A1C24A2659BF7C006F4922 /* LogInButton.swift in Sources */ = {isa = PBXBuildFile; fileRef = F1A1C2492659BF7C006F4922 /* LogInButton.swift */; };
		F1A8B9FF26AF3C7C00BD4677 /* EventListApiModel.swift in Sources */ = {isa = PBXBuildFile; fileRef = F1A8B9FE26AF3C7C00BD4677 /* EventListApiModel.swift */; };
		F1A8BA0326AF40C900BD4677 /* EventListModel.swift in Sources */ = {isa = PBXBuildFile; fileRef = F1A8BA0226AF40C900BD4677 /* EventListModel.swift */; };
		F1A8BA0526AF430700BD4677 /* EventListStore.swift in Sources */ = {isa = PBXBuildFile; fileRef = F1A8BA0426AF430700BD4677 /* EventListStore.swift */; };
		F1A8BA0726AF4D6B00BD4677 /* ScanFailResultApiModel.swift in Sources */ = {isa = PBXBuildFile; fileRef = F1A8BA0626AF4D6B00BD4677 /* ScanFailResultApiModel.swift */; };
		F1A8BA0B26AFFD4D00BD4677 /* ClearButton.swift in Sources */ = {isa = PBXBuildFile; fileRef = F1A8BA0A26AFFD4D00BD4677 /* ClearButton.swift */; };
		F1DE370B2693A583001D11C0 /* SearchFieldView.swift in Sources */ = {isa = PBXBuildFile; fileRef = F1DE370A2693A583001D11C0 /* SearchFieldView.swift */; };
		F1DE370E2693B038001D11C0 /* FilterView.swift in Sources */ = {isa = PBXBuildFile; fileRef = F1DE370D2693B038001D11C0 /* FilterView.swift */; };
		F1DE37112693B822001D11C0 /* ParticipantsModel.swift in Sources */ = {isa = PBXBuildFile; fileRef = F1DE37102693B822001D11C0 /* ParticipantsModel.swift */; };
		F1DE37132693BC01001D11C0 /* ParticipantsStore.swift in Sources */ = {isa = PBXBuildFile; fileRef = F1DE37122693BC01001D11C0 /* ParticipantsStore.swift */; };
		F1FCC331265EF6EB00951F8B /* Defaults.swift in Sources */ = {isa = PBXBuildFile; fileRef = F1FCC330265EF6EB00951F8B /* Defaults.swift */; };
		F1FCC333265EF79C00951F8B /* Global.swift in Sources */ = {isa = PBXBuildFile; fileRef = F1FCC332265EF79C00951F8B /* Global.swift */; };
		F1FCC337265EF7DB00951F8B /* ua.strings in Resources */ = {isa = PBXBuildFile; fileRef = F1FCC339265EF7DB00951F8B /* ua.strings */; };
		F1FCC35F2660272E00951F8B /* KeyboardHeightHelper.swift in Sources */ = {isa = PBXBuildFile; fileRef = F1FCC35E2660272E00951F8B /* KeyboardHeightHelper.swift */; };
		F1FEC09C2659B862003B9235 /* SquareView.swift in Sources */ = {isa = PBXBuildFile; fileRef = F1698604265315B600B26671 /* SquareView.swift */; };
/* End PBXBuildFile section */

/* Begin PBXFileReference section */
		F10A0D292655C44900487FD5 /* CredentialsView.swift */ = {isa = PBXFileReference; lastKnownFileType = sourcecode.swift; path = CredentialsView.swift; sourceTree = "<group>"; };
		F10A0D2C2655C4D400487FD5 /* CheckInView.swift */ = {isa = PBXFileReference; lastKnownFileType = sourcecode.swift; path = CheckInView.swift; sourceTree = "<group>"; };
		F10A0D2F2655C76600487FD5 /* InfoFieldView.swift */ = {isa = PBXFileReference; lastKnownFileType = sourcecode.swift; path = InfoFieldView.swift; sourceTree = "<group>"; };
		F10A0D362655CB7900487FD5 /* Font.swift */ = {isa = PBXFileReference; lastKnownFileType = sourcecode.swift; path = Font.swift; sourceTree = "<group>"; };
		F10A0D382655CCE700487FD5 /* Color.swift */ = {isa = PBXFileReference; lastKnownFileType = sourcecode.swift; path = Color.swift; sourceTree = "<group>"; };
		F10A0D3C2655D0BF00487FD5 /* CustomTextField.swift */ = {isa = PBXFileReference; lastKnownFileType = sourcecode.swift; path = CustomTextField.swift; sourceTree = "<group>"; };
		F10FAE5B267677FA00B55A28 /* ScanStore.swift */ = {isa = PBXFileReference; lastKnownFileType = sourcecode.swift; path = ScanStore.swift; sourceTree = "<group>"; };
		F10FAE61267681C600B55A28 /* ManualEnterTextFieldContainer.swift */ = {isa = PBXFileReference; lastKnownFileType = sourcecode.swift; path = ManualEnterTextFieldContainer.swift; sourceTree = "<group>"; };
		F10FAE642676836700B55A28 /* ManualEnterTextField.swift */ = {isa = PBXFileReference; lastKnownFileType = sourcecode.swift; path = ManualEnterTextField.swift; sourceTree = "<group>"; };
		F1102001267E9BC500AB420F /* ApiClient.swift */ = {isa = PBXFileReference; lastKnownFileType = sourcecode.swift; path = ApiClient.swift; sourceTree = "<group>"; };
		F1102003267E9BFC00AB420F /* Requestable.swift */ = {isa = PBXFileReference; lastKnownFileType = sourcecode.swift; path = Requestable.swift; sourceTree = "<group>"; };
		F1102006267EA17100AB420F /* ApiManager.swift */ = {isa = PBXFileReference; lastKnownFileType = sourcecode.swift; path = ApiManager.swift; sourceTree = "<group>"; };
		F1102008267EA4D200AB420F /* Keychain.swift */ = {isa = PBXFileReference; lastKnownFileType = sourcecode.swift; path = Keychain.swift; sourceTree = "<group>"; };
		F110200B267EA51400AB420F /* AccessToken.swift */ = {isa = PBXFileReference; lastKnownFileType = sourcecode.swift; path = AccessToken.swift; sourceTree = "<group>"; };
		F110200E267F333400AB420F /* MainApi.swift */ = {isa = PBXFileReference; lastKnownFileType = sourcecode.swift; path = MainApi.swift; sourceTree = "<group>"; };
		F1102011267F366200AB420F /* AuthApiModel.swift */ = {isa = PBXFileReference; lastKnownFileType = sourcecode.swift; path = AuthApiModel.swift; sourceTree = "<group>"; };
		F1102013267F387800AB420F /* ResponseHandler.swift */ = {isa = PBXFileReference; lastKnownFileType = sourcecode.swift; path = ResponseHandler.swift; sourceTree = "<group>"; };
		F11A19C3267401FF001AE455 /* FullTicketModel.swift */ = {isa = PBXFileReference; lastKnownFileType = sourcecode.swift; path = FullTicketModel.swift; sourceTree = "<group>"; };
		F11A19D526741715001AE455 /* LeadingText.swift */ = {isa = PBXFileReference; lastKnownFileType = sourcecode.swift; path = LeadingText.swift; sourceTree = "<group>"; };
		F11A19DD2674D44E001AE455 /* Text.swift */ = {isa = PBXFileReference; lastKnownFileType = sourcecode.swift; path = Text.swift; sourceTree = "<group>"; };
		F11A19E12674DD32001AE455 /* CenteringColumnPreferenceKey.swift */ = {isa = PBXFileReference; lastKnownFileType = sourcecode.swift; path = CenteringColumnPreferenceKey.swift; sourceTree = "<group>"; };
		F11A19E42674DD81001AE455 /* CenteringView.swift */ = {isa = PBXFileReference; lastKnownFileType = sourcecode.swift; path = CenteringView.swift; sourceTree = "<group>"; };
		F11A19E82674E088001AE455 /* Spacer.swift */ = {isa = PBXFileReference; lastKnownFileType = sourcecode.swift; path = Spacer.swift; sourceTree = "<group>"; };
		F11BD1AC26B09B9F00ED352D /* ScanSuccessResultApiModel.swift */ = {isa = PBXFileReference; lastKnownFileType = sourcecode.swift; path = ScanSuccessResultApiModel.swift; sourceTree = "<group>"; };
		F11BD1AE26B0B23C00ED352D /* Constants.swift */ = {isa = PBXFileReference; lastKnownFileType = sourcecode.swift; path = Constants.swift; sourceTree = "<group>"; };
		F13288E32669416C009F2C48 /* EventsListView.swift */ = {isa = PBXFileReference; lastKnownFileType = sourcecode.swift; path = EventsListView.swift; sourceTree = "<group>"; };
		F138C44C2677D33700915BC5 /* UINavigationController.swift */ = {isa = PBXFileReference; lastKnownFileType = sourcecode.swift; path = UINavigationController.swift; sourceTree = "<group>"; };
		F138C44F2677D67300915BC5 /* TicketBackButton.swift */ = {isa = PBXFileReference; lastKnownFileType = sourcecode.swift; path = TicketBackButton.swift; sourceTree = "<group>"; };
		F138C4542678DB9600915BC5 /* AppDataStore.swift */ = {isa = PBXFileReference; lastKnownFileType = sourcecode.swift; path = AppDataStore.swift; sourceTree = "<group>"; };
		F138C4562678DBEB00915BC5 /* AppData.swift */ = {isa = PBXFileReference; lastKnownFileType = sourcecode.swift; path = AppData.swift; sourceTree = "<group>"; };
		F138C4582678DE4200915BC5 /* AppRootView.swift */ = {isa = PBXFileReference; lastKnownFileType = sourcecode.swift; path = AppRootView.swift; sourceTree = "<group>"; };
		F13986EF266D1E5F00AD3199 /* ActiveView.swift */ = {isa = PBXFileReference; lastKnownFileType = sourcecode.swift; path = ActiveView.swift; sourceTree = "<group>"; };
		F14BB48126AC42A2004CA680 /* ParticipantsInfoModel.swift */ = {isa = PBXFileReference; lastKnownFileType = sourcecode.swift; path = ParticipantsInfoModel.swift; sourceTree = "<group>"; };
		F14BB48826AC528F004CA680 /* ParticipantsListView.swift */ = {isa = PBXFileReference; lastKnownFileType = sourcecode.swift; path = ParticipantsListView.swift; sourceTree = "<group>"; };
		F14BB48B26AC54F2004CA680 /* TimeListView.swift */ = {isa = PBXFileReference; lastKnownFileType = sourcecode.swift; path = TimeListView.swift; sourceTree = "<group>"; };
		F14BB48E26AC589A004CA680 /* ParticipantTicketView.swift */ = {isa = PBXFileReference; lastKnownFileType = sourcecode.swift; path = ParticipantTicketView.swift; sourceTree = "<group>"; };
		F14BB49226AC595F004CA680 /* ParticipantFullTicketView.swift */ = {isa = PBXFileReference; lastKnownFileType = sourcecode.swift; path = ParticipantFullTicketView.swift; sourceTree = "<group>"; };
		F14BB49426AC596C004CA680 /* ParticipantSmallTicketView.swift */ = {isa = PBXFileReference; lastKnownFileType = sourcecode.swift; path = ParticipantSmallTicketView.swift; sourceTree = "<group>"; };
		F14BB49726AC91D6004CA680 /* ProfileSquareView.swift */ = {isa = PBXFileReference; lastKnownFileType = sourcecode.swift; path = ProfileSquareView.swift; sourceTree = "<group>"; };
		F14BB49A26AC9FB3004CA680 /* LogoutBigButton.swift */ = {isa = PBXFileReference; lastKnownFileType = sourcecode.swift; path = LogoutBigButton.swift; sourceTree = "<group>"; };
		F1572834266CFFD300F6BE64 /* LogoutButton.swift */ = {isa = PBXFileReference; lastKnownFileType = sourcecode.swift; path = LogoutButton.swift; sourceTree = "<group>"; };
		F1572839266D122E00F6BE64 /* EventDataView.swift */ = {isa = PBXFileReference; lastKnownFileType = sourcecode.swift; path = EventDataView.swift; sourceTree = "<group>"; };
		F158F45D266569F100AB8AE6 /* String.swift */ = {isa = PBXFileReference; lastKnownFileType = sourcecode.swift; path = String.swift; sourceTree = "<group>"; };
		F15BD054265DA27F0026B6DD /* CustomTextFieldSwift.swift */ = {isa = PBXFileReference; lastKnownFileType = sourcecode.swift; path = CustomTextFieldSwift.swift; sourceTree = "<group>"; };
		F1648D5D266D2B6B00F1FDC1 /* EventModel.swift */ = {isa = PBXFileReference; lastKnownFileType = sourcecode.swift; path = EventModel.swift; sourceTree = "<group>"; };
		F1648D5F266D2F2100F1FDC1 /* Date.swift */ = {isa = PBXFileReference; lastKnownFileType = sourcecode.swift; path = Date.swift; sourceTree = "<group>"; };
		F1648D61266D4BC800F1FDC1 /* UINavigationBar.swift */ = {isa = PBXFileReference; lastKnownFileType = sourcecode.swift; path = UINavigationBar.swift; sourceTree = "<group>"; };
		F1648D63266D55CA00F1FDC1 /* DateFormatter.swift */ = {isa = PBXFileReference; lastKnownFileType = sourcecode.swift; path = DateFormatter.swift; sourceTree = "<group>"; };
		F1648D6B266EB49A00F1FDC1 /* ScanView.swift */ = {isa = PBXFileReference; lastKnownFileType = sourcecode.swift; path = ScanView.swift; sourceTree = "<group>"; };
		F1648D6D266EB4A900F1FDC1 /* ParticipantsView.swift */ = {isa = PBXFileReference; lastKnownFileType = sourcecode.swift; path = ParticipantsView.swift; sourceTree = "<group>"; };
		F1648D6F266EB4BD00F1FDC1 /* ContactsView.swift */ = {isa = PBXFileReference; lastKnownFileType = sourcecode.swift; path = ContactsView.swift; sourceTree = "<group>"; };
		F1648D71266EB4C700F1FDC1 /* ProfileView.swift */ = {isa = PBXFileReference; lastKnownFileType = sourcecode.swift; path = ProfileView.swift; sourceTree = "<group>"; };
		F1648D74266EB4E400F1FDC1 /* EventTabBarView.swift */ = {isa = PBXFileReference; lastKnownFileType = sourcecode.swift; path = EventTabBarView.swift; sourceTree = "<group>"; };
		F1648D76266EBB4300F1FDC1 /* UITabBar.swift */ = {isa = PBXFileReference; lastKnownFileType = sourcecode.swift; path = UITabBar.swift; sourceTree = "<group>"; };
		F1648D79266EBDFD00F1FDC1 /* EventsBackButton.swift */ = {isa = PBXFileReference; lastKnownFileType = sourcecode.swift; path = EventsBackButton.swift; sourceTree = "<group>"; };
		F1648D7C266EC50A00F1FDC1 /* TabBarModel.swift */ = {isa = PBXFileReference; lastKnownFileType = sourcecode.swift; path = TabBarModel.swift; sourceTree = "<group>"; };
		F1648D80266FE54700F1FDC1 /* ScanCameraView.swift */ = {isa = PBXFileReference; lastKnownFileType = sourcecode.swift; path = ScanCameraView.swift; sourceTree = "<group>"; };
		F1648D83266FE6B300F1FDC1 /* FlashView.swift */ = {isa = PBXFileReference; lastKnownFileType = sourcecode.swift; path = FlashView.swift; sourceTree = "<group>"; };
		F1648D8A266FFC1A00F1FDC1 /* ShowManualView.swift */ = {isa = PBXFileReference; lastKnownFileType = sourcecode.swift; path = ShowManualView.swift; sourceTree = "<group>"; };
		F16985D62653101400B26671 /* TicketScannerApp.swift */ = {isa = PBXFileReference; lastKnownFileType = sourcecode.swift; path = TicketScannerApp.swift; sourceTree = "<group>"; };
		F16985D72653101400B26671 /* RegistrationView.swift */ = {isa = PBXFileReference; lastKnownFileType = sourcecode.swift; path = RegistrationView.swift; sourceTree = "<group>"; };
		F16985D82653101500B26671 /* Assets.xcassets */ = {isa = PBXFileReference; lastKnownFileType = folder.assetcatalog; path = Assets.xcassets; sourceTree = "<group>"; };
		F16985DD2653101600B26671 /* TicketScanner.app */ = {isa = PBXFileReference; explicitFileType = wrapper.application; includeInIndex = 0; path = TicketScanner.app; sourceTree = BUILT_PRODUCTS_DIR; };
		F16985E02653101600B26671 /* Info.plist */ = {isa = PBXFileReference; lastKnownFileType = text.plist.xml; path = Info.plist; sourceTree = "<group>"; };
		F1698604265315B600B26671 /* SquareView.swift */ = {isa = PBXFileReference; lastKnownFileType = sourcecode.swift; path = SquareView.swift; sourceTree = "<group>"; };
		F1698606265321A000B26671 /* EKRepro-2204.otf */ = {isa = PBXFileReference; lastKnownFileType = file; path = "EKRepro-2204.otf"; sourceTree = "<group>"; };
		F169860A265322C400B26671 /* Action.swift */ = {isa = PBXFileReference; lastKnownFileType = sourcecode.swift; path = Action.swift; sourceTree = "<group>"; };
		F172FE8926655EAC00FF9569 /* LoginCredentialsModel.swift */ = {isa = PBXFileReference; lastKnownFileType = sourcecode.swift; path = LoginCredentialsModel.swift; sourceTree = "<group>"; };
		F172FE8C2665631A00FF9569 /* LoginCredentialsStore.swift */ = {isa = PBXFileReference; lastKnownFileType = sourcecode.swift; path = LoginCredentialsStore.swift; sourceTree = "<group>"; };
		F19815722674E4E500E9218F /* FullTicketView.swift */ = {isa = PBXFileReference; fileEncoding = 4; lastKnownFileType = sourcecode.swift; path = FullTicketView.swift; sourceTree = "<group>"; };
		F19815742674E4E500E9218F /* TicketStatusView.swift */ = {isa = PBXFileReference; fileEncoding = 4; lastKnownFileType = sourcecode.swift; path = TicketStatusView.swift; sourceTree = "<group>"; };
		F19815772674E4E500E9218F /* OkButton.swift */ = {isa = PBXFileReference; fileEncoding = 4; lastKnownFileType = sourcecode.swift; path = OkButton.swift; sourceTree = "<group>"; };
		F19815792674E4E500E9218F /* WrongEventView.swift */ = {isa = PBXFileReference; fileEncoding = 4; lastKnownFileType = sourcecode.swift; path = WrongEventView.swift; sourceTree = "<group>"; };
		F198157A2674E4E500E9218F /* CheckedInView.swift */ = {isa = PBXFileReference; fileEncoding = 4; lastKnownFileType = sourcecode.swift; path = CheckedInView.swift; sourceTree = "<group>"; };
		F198157B2674E4E500E9218F /* RefundedView.swift */ = {isa = PBXFileReference; fileEncoding = 4; lastKnownFileType = sourcecode.swift; path = RefundedView.swift; sourceTree = "<group>"; };
		F198157C2674E4E500E9218F /* TicketMainInfoView.swift */ = {isa = PBXFileReference; fileEncoding = 4; lastKnownFileType = sourcecode.swift; path = TicketMainInfoView.swift; sourceTree = "<group>"; };
		F198157D2674E4E500E9218F /* TicketSecondaryInfoView.swift */ = {isa = PBXFileReference; fileEncoding = 4; lastKnownFileType = sourcecode.swift; path = TicketSecondaryInfoView.swift; sourceTree = "<group>"; };
		F198158726750A3F00E9218F /* AlertView.swift */ = {isa = PBXFileReference; lastKnownFileType = sourcecode.swift; path = AlertView.swift; sourceTree = "<group>"; };
		F198158A26750C4B00E9218F /* AlertContentView.swift */ = {isa = PBXFileReference; lastKnownFileType = sourcecode.swift; path = AlertContentView.swift; sourceTree = "<group>"; };
		F198158D26750FD100E9218F /* AlertModel.swift */ = {isa = PBXFileReference; lastKnownFileType = sourcecode.swift; path = AlertModel.swift; sourceTree = "<group>"; };
		F198158F267520F900E9218F /* AlertSubview.swift */ = {isa = PBXFileReference; lastKnownFileType = sourcecode.swift; path = AlertSubview.swift; sourceTree = "<group>"; };
		F198159826754B7E00E9218F /* View.swift */ = {isa = PBXFileReference; lastKnownFileType = sourcecode.swift; path = View.swift; sourceTree = "<group>"; };
		F19815A0267653D300E9218F /* ManualEnterView.swift */ = {isa = PBXFileReference; lastKnownFileType = sourcecode.swift; path = ManualEnterView.swift; sourceTree = "<group>"; };
		F19815A326765FDF00E9218F /* ShowCameraView.swift */ = {isa = PBXFileReference; lastKnownFileType = sourcecode.swift; path = ShowCameraView.swift; sourceTree = "<group>"; };
		F19815A52676658B00E9218F /* SelectorHelper.swift */ = {isa = PBXFileReference; lastKnownFileType = sourcecode.swift; path = SelectorHelper.swift; sourceTree = "<group>"; };
		F19815A82676698800E9218F /* ScanModel.swift */ = {isa = PBXFileReference; lastKnownFileType = sourcecode.swift; path = ScanModel.swift; sourceTree = "<group>"; };
		F1A1C2492659BF7C006F4922 /* LogInButton.swift */ = {isa = PBXFileReference; lastKnownFileType = sourcecode.swift; path = LogInButton.swift; sourceTree = "<group>"; };
		F1A8B9FE26AF3C7C00BD4677 /* EventListApiModel.swift */ = {isa = PBXFileReference; lastKnownFileType = sourcecode.swift; path = EventListApiModel.swift; sourceTree = "<group>"; };
		F1A8BA0226AF40C900BD4677 /* EventListModel.swift */ = {isa = PBXFileReference; lastKnownFileType = sourcecode.swift; path = EventListModel.swift; sourceTree = "<group>"; };
		F1A8BA0426AF430700BD4677 /* EventListStore.swift */ = {isa = PBXFileReference; lastKnownFileType = sourcecode.swift; path = EventListStore.swift; sourceTree = "<group>"; };
		F1A8BA0626AF4D6B00BD4677 /* ScanFailResultApiModel.swift */ = {isa = PBXFileReference; lastKnownFileType = sourcecode.swift; path = ScanFailResultApiModel.swift; sourceTree = "<group>"; };
		F1A8BA0A26AFFD4D00BD4677 /* ClearButton.swift */ = {isa = PBXFileReference; lastKnownFileType = sourcecode.swift; path = ClearButton.swift; sourceTree = "<group>"; };
		F1DE370A2693A583001D11C0 /* SearchFieldView.swift */ = {isa = PBXFileReference; lastKnownFileType = sourcecode.swift; path = SearchFieldView.swift; sourceTree = "<group>"; };
		F1DE370D2693B038001D11C0 /* FilterView.swift */ = {isa = PBXFileReference; lastKnownFileType = sourcecode.swift; path = FilterView.swift; sourceTree = "<group>"; };
		F1DE37102693B822001D11C0 /* ParticipantsModel.swift */ = {isa = PBXFileReference; lastKnownFileType = sourcecode.swift; path = ParticipantsModel.swift; sourceTree = "<group>"; };
		F1DE37122693BC01001D11C0 /* ParticipantsStore.swift */ = {isa = PBXFileReference; lastKnownFileType = sourcecode.swift; path = ParticipantsStore.swift; sourceTree = "<group>"; };
		F1FCC330265EF6EB00951F8B /* Defaults.swift */ = {isa = PBXFileReference; lastKnownFileType = sourcecode.swift; path = Defaults.swift; sourceTree = "<group>"; };
		F1FCC332265EF79C00951F8B /* Global.swift */ = {isa = PBXFileReference; lastKnownFileType = sourcecode.swift; path = Global.swift; sourceTree = "<group>"; };
		F1FCC338265EF7DB00951F8B /* en */ = {isa = PBXFileReference; lastKnownFileType = text.plist.strings; name = en; path = en.lproj/ua.strings; sourceTree = "<group>"; };
		F1FCC35E2660272E00951F8B /* KeyboardHeightHelper.swift */ = {isa = PBXFileReference; lastKnownFileType = sourcecode.swift; path = KeyboardHeightHelper.swift; sourceTree = "<group>"; };
/* End PBXFileReference section */

/* Begin PBXFrameworksBuildPhase section */
		F16985DA2653101600B26671 /* Frameworks */ = {
			isa = PBXFrameworksBuildPhase;
			buildActionMask = 2147483647;
			files = (
				F1648D87266FEF9100F1FDC1 /* CodeScanner in Frameworks */,
			);
			runOnlyForDeploymentPostprocessing = 0;
		};
/* End PBXFrameworksBuildPhase section */

/* Begin PBXGroup section */
		F10A0D272655C3FE00487FD5 /* CredentialsView */ = {
			isa = PBXGroup;
			children = (
				F10A0D2E2655C71800487FD5 /* Views */,
				F10A0D292655C44900487FD5 /* CredentialsView.swift */,
			);
			path = CredentialsView;
			sourceTree = "<group>";
		};
		F10A0D282655C42A00487FD5 /* Views */ = {
			isa = PBXGroup;
			children = (
				F10A0D2B2655C49900487FD5 /* CheckInView */,
				F10A0D272655C3FE00487FD5 /* CredentialsView */,
			);
			path = Views;
			sourceTree = "<group>";
		};
		F10A0D2B2655C49900487FD5 /* CheckInView */ = {
			isa = PBXGroup;
			children = (
				F10A0D2C2655C4D400487FD5 /* CheckInView.swift */,
			);
			path = CheckInView;
			sourceTree = "<group>";
		};
		F10A0D2E2655C71800487FD5 /* Views */ = {
			isa = PBXGroup;
			children = (
				F10A0D2F2655C76600487FD5 /* InfoFieldView.swift */,
			);
			path = Views;
			sourceTree = "<group>";
		};
		F10A0D352655CB6B00487FD5 /* SwiftUI */ = {
			isa = PBXGroup;
			children = (
				F10A0D362655CB7900487FD5 /* Font.swift */,
				F10A0D382655CCE700487FD5 /* Color.swift */,
				F11A19DD2674D44E001AE455 /* Text.swift */,
				F11A19E82674E088001AE455 /* Spacer.swift */,
				F198159826754B7E00E9218F /* View.swift */,
			);
			path = SwiftUI;
			sourceTree = "<group>";
		};
		F10A0D3A2655D0A300487FD5 /* Universal */ = {
			isa = PBXGroup;
			children = (
				F10A0D3B2655D0AD00487FD5 /* View */,
			);
			path = Universal;
			sourceTree = "<group>";
		};
		F10A0D3B2655D0AD00487FD5 /* View */ = {
			isa = PBXGroup;
			children = (
				F15BD052265DA2440026B6DD /* CustomTextField */,
			);
			path = View;
			sourceTree = "<group>";
		};
		F10FAE60267681B100B55A28 /* TextField */ = {
			isa = PBXGroup;
			children = (
				F10FAE632676834B00B55A28 /* Swift */,
				F10FAE642676836700B55A28 /* ManualEnterTextField.swift */,
			);
			path = TextField;
			sourceTree = "<group>";
		};
		F10FAE632676834B00B55A28 /* Swift */ = {
			isa = PBXGroup;
			children = (
				F10FAE61267681C600B55A28 /* ManualEnterTextFieldContainer.swift */,
			);
			path = Swift;
			sourceTree = "<group>";
		};
		F1102000267E9B8A00AB420F /* Api */ = {
			isa = PBXGroup;
			children = (
				F110200D267F32FA00AB420F /* Entities */,
				F1102001267E9BC500AB420F /* ApiClient.swift */,
				F1102006267EA17100AB420F /* ApiManager.swift */,
				F1102003267E9BFC00AB420F /* Requestable.swift */,
				F1102013267F387800AB420F /* ResponseHandler.swift */,
			);
			path = Api;
			sourceTree = "<group>";
		};
		F110200A267EA4F900AB420F /* Keychain */ = {
			isa = PBXGroup;
			children = (
				F110200B267EA51400AB420F /* AccessToken.swift */,
			);
			path = Keychain;
			sourceTree = "<group>";
		};
		F110200D267F32FA00AB420F /* Entities */ = {
			isa = PBXGroup;
			children = (
				F110200E267F333400AB420F /* MainApi.swift */,
			);
			path = Entities;
			sourceTree = "<group>";
		};
		F11A19D326741701001AE455 /* Views */ = {
			isa = PBXGroup;
			children = (
				F11A19E32674DD74001AE455 /* View */,
				F11A19D426741709001AE455 /* Text */,
			);
			path = Views;
			sourceTree = "<group>";
		};
		F11A19D426741709001AE455 /* Text */ = {
			isa = PBXGroup;
			children = (
				F11A19D526741715001AE455 /* LeadingText.swift */,
			);
			path = Text;
			sourceTree = "<group>";
		};
		F11A19E02674DD19001AE455 /* Preference Key */ = {
			isa = PBXGroup;
			children = (
				F11A19E12674DD32001AE455 /* CenteringColumnPreferenceKey.swift */,
			);
			path = "Preference Key";
			sourceTree = "<group>";
		};
		F11A19E32674DD74001AE455 /* View */ = {
			isa = PBXGroup;
			children = (
				F11A19E42674DD81001AE455 /* CenteringView.swift */,
			);
			path = View;
			sourceTree = "<group>";
		};
		F11BD1AB26B09B3200ED352D /* Scan */ = {
			isa = PBXGroup;
			children = (
				F1A8BA0626AF4D6B00BD4677 /* ScanFailResultApiModel.swift */,
				F11BD1AC26B09B9F00ED352D /* ScanSuccessResultApiModel.swift */,
			);
			path = Scan;
			sourceTree = "<group>";
		};
		F13288E22669400E009F2C48 /* EventsList */ = {
			isa = PBXGroup;
			children = (
				F1572832266CFFBC00F6BE64 /* Views */,
				F13288E32669416C009F2C48 /* EventsListView.swift */,
			);
			path = EventsList;
			sourceTree = "<group>";
		};
		F138C44E2677D65700915BC5 /* BackButton */ = {
			isa = PBXGroup;
			children = (
				F138C44F2677D67300915BC5 /* TicketBackButton.swift */,
			);
			path = BackButton;
			sourceTree = "<group>";
		};
		F138C4532678DB8700915BC5 /* App */ = {
			isa = PBXGroup;
			children = (
				F138C4542678DB9600915BC5 /* AppDataStore.swift */,
				F138C4562678DBEB00915BC5 /* AppData.swift */,
			);
			path = App;
			sourceTree = "<group>";
		};
		F13986EE266D1CA900AD3199 /* ActiveView */ = {
			isa = PBXGroup;
			children = (
				F13986EF266D1E5F00AD3199 /* ActiveView.swift */,
			);
			path = ActiveView;
			sourceTree = "<group>";
		};
		F14BB47F26AC427B004CA680 /* Modules */ = {
			isa = PBXGroup;
			children = (
				F14BB48126AC42A2004CA680 /* ParticipantsInfoModel.swift */,
				F1648D5D266D2B6B00F1FDC1 /* EventModel.swift */,
				F1648D7C266EC50A00F1FDC1 /* TabBarModel.swift */,
				F11A19C3267401FF001AE455 /* FullTicketModel.swift */,
			);
			path = Modules;
			sourceTree = "<group>";
		};
		F14BB48526AC526C004CA680 /* List */ = {
			isa = PBXGroup;
			children = (
				F14BB48A26AC54D7004CA680 /* Time List */,
				F14BB48826AC528F004CA680 /* ParticipantsListView.swift */,
			);
			path = List;
			sourceTree = "<group>";
		};
		F14BB48A26AC54D7004CA680 /* Time List */ = {
			isa = PBXGroup;
			children = (
				F14BB48D26AC5889004CA680 /* Ticket View */,
				F14BB48B26AC54F2004CA680 /* TimeListView.swift */,
			);
			path = "Time List";
			sourceTree = "<group>";
		};
		F14BB48D26AC5889004CA680 /* Ticket View */ = {
			isa = PBXGroup;
			children = (
				F14BB49126AC58CC004CA680 /* Full Ticket */,
				F14BB49026AC58C1004CA680 /* Small Ticket */,
				F14BB48E26AC589A004CA680 /* ParticipantTicketView.swift */,
			);
			path = "Ticket View";
			sourceTree = "<group>";
		};
		F14BB49026AC58C1004CA680 /* Small Ticket */ = {
			isa = PBXGroup;
			children = (
				F14BB49426AC596C004CA680 /* ParticipantSmallTicketView.swift */,
			);
			path = "Small Ticket";
			sourceTree = "<group>";
		};
		F14BB49126AC58CC004CA680 /* Full Ticket */ = {
			isa = PBXGroup;
			children = (
				F14BB49226AC595F004CA680 /* ParticipantFullTicketView.swift */,
			);
			path = "Full Ticket";
			sourceTree = "<group>";
		};
		F14BB49626AC91C2004CA680 /* Square */ = {
			isa = PBXGroup;
			children = (
				F14BB49726AC91D6004CA680 /* ProfileSquareView.swift */,
			);
			path = Square;
			sourceTree = "<group>";
		};
		F14BB49926AC9FA2004CA680 /* Logout Button */ = {
			isa = PBXGroup;
			children = (
				F14BB49A26AC9FB3004CA680 /* LogoutBigButton.swift */,
			);
			path = "Logout Button";
			sourceTree = "<group>";
		};
		F1572832266CFFBC00F6BE64 /* Views */ = {
			isa = PBXGroup;
			children = (
				F1572838266D121900F6BE64 /* EventDataView */,
				F1572833266CFFC200F6BE64 /* LogoutButton */,
			);
			path = Views;
			sourceTree = "<group>";
		};
		F1572833266CFFC200F6BE64 /* LogoutButton */ = {
			isa = PBXGroup;
			children = (
				F1572834266CFFD300F6BE64 /* LogoutButton.swift */,
			);
			path = LogoutButton;
			sourceTree = "<group>";
		};
		F1572838266D121900F6BE64 /* EventDataView */ = {
			isa = PBXGroup;
			children = (
				F13986EE266D1CA900AD3199 /* ActiveView */,
				F1572839266D122E00F6BE64 /* EventDataView.swift */,
			);
			path = EventDataView;
			sourceTree = "<group>";
		};
		F158F45B2665670400AB8AE6 /* Extensions */ = {
			isa = PBXGroup;
			children = (
				F1A8BA0926AFFD3900BD4677 /* View Modifiers */,
				F110200A267EA4F900AB420F /* Keychain */,
				F158F46026656A0500AB8AE6 /* Foundation */,
				F158F45C266569E700AB8AE6 /* UIKit */,
				F10A0D352655CB6B00487FD5 /* SwiftUI */,
			);
			path = Extensions;
			sourceTree = "<group>";
		};
		F158F45C266569E700AB8AE6 /* UIKit */ = {
			isa = PBXGroup;
			children = (
				F138C44C2677D33700915BC5 /* UINavigationController.swift */,
				F1648D61266D4BC800F1FDC1 /* UINavigationBar.swift */,
				F1648D76266EBB4300F1FDC1 /* UITabBar.swift */,
			);
			path = UIKit;
			sourceTree = "<group>";
		};
		F158F46026656A0500AB8AE6 /* Foundation */ = {
			isa = PBXGroup;
			children = (
				F158F45D266569F100AB8AE6 /* String.swift */,
				F1648D5F266D2F2100F1FDC1 /* Date.swift */,
				F1648D63266D55CA00F1FDC1 /* DateFormatter.swift */,
			);
			path = Foundation;
			sourceTree = "<group>";
		};
		F15BD052265DA2440026B6DD /* CustomTextField */ = {
			isa = PBXGroup;
			children = (
				F15BD053265DA2520026B6DD /* Swift */,
				F10A0D3C2655D0BF00487FD5 /* CustomTextField.swift */,
			);
			path = CustomTextField;
			sourceTree = "<group>";
		};
		F15BD053265DA2520026B6DD /* Swift */ = {
			isa = PBXGroup;
			children = (
				F15BD054265DA27F0026B6DD /* CustomTextFieldSwift.swift */,
			);
			path = Swift;
			sourceTree = "<group>";
		};
		F1648D65266EB41E00F1FDC1 /* Event */ = {
			isa = PBXGroup;
			children = (
				F1648D73266EB4D100F1FDC1 /* TabBar */,
				F1648D67266EB45D00F1FDC1 /* Scan */,
				F1648D68266EB46900F1FDC1 /* Participants */,
				F1648D69266EB47700F1FDC1 /* Contacts */,
				F1648D6A266EB48700F1FDC1 /* Profile */,
			);
			path = Event;
			sourceTree = "<group>";
		};
		F1648D67266EB45D00F1FDC1 /* Scan */ = {
			isa = PBXGroup;
			children = (
				F1648D89266FFBB900F1FDC1 /* Views */,
				F1648D6B266EB49A00F1FDC1 /* ScanView.swift */,
			);
			path = Scan;
			sourceTree = "<group>";
		};
		F1648D68266EB46900F1FDC1 /* Participants */ = {
			isa = PBXGroup;
			children = (
				F14BB48526AC526C004CA680 /* List */,
				F1DE370C2693B01E001D11C0 /* Filter */,
				F1DE37072693A547001D11C0 /* Search Field */,
				F1648D6D266EB4A900F1FDC1 /* ParticipantsView.swift */,
			);
			path = Participants;
			sourceTree = "<group>";
		};
		F1648D69266EB47700F1FDC1 /* Contacts */ = {
			isa = PBXGroup;
			children = (
				F1648D6F266EB4BD00F1FDC1 /* ContactsView.swift */,
			);
			path = Contacts;
			sourceTree = "<group>";
		};
		F1648D6A266EB48700F1FDC1 /* Profile */ = {
			isa = PBXGroup;
			children = (
				F14BB49926AC9FA2004CA680 /* Logout Button */,
				F14BB49626AC91C2004CA680 /* Square */,
				F1648D71266EB4C700F1FDC1 /* ProfileView.swift */,
			);
			path = Profile;
			sourceTree = "<group>";
		};
		F1648D73266EB4D100F1FDC1 /* TabBar */ = {
			isa = PBXGroup;
			children = (
				F1648D78266EBDE200F1FDC1 /* BackButton */,
				F1648D74266EB4E400F1FDC1 /* EventTabBarView.swift */,
			);
			path = TabBar;
			sourceTree = "<group>";
		};
		F1648D78266EBDE200F1FDC1 /* BackButton */ = {
			isa = PBXGroup;
			children = (
				F1648D79266EBDFD00F1FDC1 /* EventsBackButton.swift */,
			);
			path = BackButton;
			sourceTree = "<group>";
		};
		F1648D7F266FE52B00F1FDC1 /* Camera */ = {
			isa = PBXGroup;
			children = (
				F19815A226765FCB00E9218F /* ShowCamera */,
				F1648D82266FE65B00F1FDC1 /* FlashView */,
				F1648D80266FE54700F1FDC1 /* ScanCameraView.swift */,
			);
			path = Camera;
			sourceTree = "<group>";
		};
		F1648D82266FE65B00F1FDC1 /* FlashView */ = {
			isa = PBXGroup;
			children = (
				F1648D83266FE6B300F1FDC1 /* FlashView.swift */,
			);
			path = FlashView;
			sourceTree = "<group>";
		};
		F1648D88266FF9C300F1FDC1 /* ShowManual */ = {
			isa = PBXGroup;
			children = (
				F1648D8A266FFC1A00F1FDC1 /* ShowManualView.swift */,
			);
			path = ShowManual;
			sourceTree = "<group>";
		};
		F1648D89266FFBB900F1FDC1 /* Views */ = {
			isa = PBXGroup;
			children = (
				F1981586267509BA00E9218F /* Alert */,
				F19815712674E4E500E9218F /* Ticket */,
				F1648D7F266FE52B00F1FDC1 /* Camera */,
				F198159F2676539800E9218F /* ManualEnter */,
			);
			path = Views;
			sourceTree = "<group>";
		};
		F16985D02653101400B26671 = {
			isa = PBXGroup;
			children = (
				F16985D52653101400B26671 /* TicketScanner */,
				F16985DE2653101600B26671 /* Products */,
			);
			sourceTree = "<group>";
		};
		F16985D52653101400B26671 /* TicketScanner */ = {
			isa = PBXGroup;
			children = (
				F16985F82653122100B26671 /* App */,
				F16985FA2653125200B26671 /* Resources */,
				F172FE8826655E8900FF9569 /* Model */,
				F1102000267E9B8A00AB420F /* Api */,
				F16985FB2653127100B26671 /* Modules */,
			);
			path = TicketScanner;
			sourceTree = "<group>";
		};
		F16985DE2653101600B26671 /* Products */ = {
			isa = PBXGroup;
			children = (
				F16985DD2653101600B26671 /* TicketScanner.app */,
			);
			name = Products;
			sourceTree = "<group>";
		};
		F16985F82653122100B26671 /* App */ = {
			isa = PBXGroup;
			children = (
				F16985D62653101400B26671 /* TicketScannerApp.swift */,
				F138C4582678DE4200915BC5 /* AppRootView.swift */,
			);
			path = App;
			sourceTree = "<group>";
		};
		F16985FA2653125200B26671 /* Resources */ = {
			isa = PBXGroup;
			children = (
				F11A19E02674DD19001AE455 /* Preference Key */,
				F11A19D326741701001AE455 /* Views */,
				F158F45B2665670400AB8AE6 /* Extensions */,
				F1698608265321A600B26671 /* Fonts */,
				F16985D82653101500B26671 /* Assets.xcassets */,
				F16985E02653101600B26671 /* Info.plist */,
				F1FCC334265EF7BD00951F8B /* String */,
				F1698609265322B600B26671 /* Utils */,
			);
			path = Resources;
			sourceTree = "<group>";
		};
		F16985FB2653127100B26671 /* Modules */ = {
			isa = PBXGroup;
			children = (
				F16985FC2653127B00B26671 /* Registration */,
				F13288E22669400E009F2C48 /* EventsList */,
				F1648D65266EB41E00F1FDC1 /* Event */,
				F10A0D3A2655D0A300487FD5 /* Universal */,
			);
			path = Modules;
			sourceTree = "<group>";
		};
		F16985FC2653127B00B26671 /* Registration */ = {
			isa = PBXGroup;
			children = (
				F16986022653156600B26671 /* Views */,
				F16985D72653101400B26671 /* RegistrationView.swift */,
			);
			path = Registration;
			sourceTree = "<group>";
		};
		F16986022653156600B26671 /* Views */ = {
			isa = PBXGroup;
			children = (
				F1A1C2482659BF41006F4922 /* LogInButton */,
				F16986032653157E00B26671 /* SquareView */,
			);
			path = Views;
			sourceTree = "<group>";
		};
		F16986032653157E00B26671 /* SquareView */ = {
			isa = PBXGroup;
			children = (
				F10A0D282655C42A00487FD5 /* Views */,
				F1698604265315B600B26671 /* SquareView.swift */,
			);
			path = SquareView;
			sourceTree = "<group>";
		};
		F1698608265321A600B26671 /* Fonts */ = {
			isa = PBXGroup;
			children = (
				F1698606265321A000B26671 /* EKRepro-2204.otf */,
			);
			path = Fonts;
			sourceTree = "<group>";
		};
		F1698609265322B600B26671 /* Utils */ = {
			isa = PBXGroup;
			children = (
				F169860A265322C400B26671 /* Action.swift */,
				F1FCC330265EF6EB00951F8B /* Defaults.swift */,
				F1FCC332265EF79C00951F8B /* Global.swift */,
				F1FCC35E2660272E00951F8B /* KeyboardHeightHelper.swift */,
				F19815A52676658B00E9218F /* SelectorHelper.swift */,
				F1102008267EA4D200AB420F /* Keychain.swift */,
				F11BD1AE26B0B23C00ED352D /* Constants.swift */,
			);
			path = Utils;
			sourceTree = "<group>";
		};
		F172FE8826655E8900FF9569 /* Model */ = {
			isa = PBXGroup;
			children = (
				F1A8BA0026AF3C8400BD4677 /* Api */,
				F14BB47F26AC427B004CA680 /* Modules */,
				F198159A26763C1A00E9218F /* Stores */,
				F198158C26750FAF00E9218F /* Alert */,
			);
			path = Model;
			sourceTree = "<group>";
		};
		F172FE8B266562F800FF9569 /* Login */ = {
			isa = PBXGroup;
			children = (
				F172FE8926655EAC00FF9569 /* LoginCredentialsModel.swift */,
				F172FE8C2665631A00FF9569 /* LoginCredentialsStore.swift */,
			);
			path = Login;
			sourceTree = "<group>";
		};
		F19815712674E4E500E9218F /* Ticket */ = {
			isa = PBXGroup;
			children = (
				F19815722674E4E500E9218F /* FullTicketView.swift */,
				F19815732674E4E500E9218F /* Views */,
			);
			path = Ticket;
			sourceTree = "<group>";
		};
		F19815732674E4E500E9218F /* Views */ = {
			isa = PBXGroup;
			children = (
				F138C44E2677D65700915BC5 /* BackButton */,
				F19815752674E4E500E9218F /* Subviews */,
				F19815742674E4E500E9218F /* TicketStatusView.swift */,
				F198157C2674E4E500E9218F /* TicketMainInfoView.swift */,
				F198157D2674E4E500E9218F /* TicketSecondaryInfoView.swift */,
			);
			path = Views;
			sourceTree = "<group>";
		};
		F19815752674E4E500E9218F /* Subviews */ = {
			isa = PBXGroup;
			children = (
				F19815762674E4E500E9218F /* OkButton */,
				F19815782674E4E500E9218F /* Status */,
			);
			path = Subviews;
			sourceTree = "<group>";
		};
		F19815762674E4E500E9218F /* OkButton */ = {
			isa = PBXGroup;
			children = (
				F19815772674E4E500E9218F /* OkButton.swift */,
			);
			path = OkButton;
			sourceTree = "<group>";
		};
		F19815782674E4E500E9218F /* Status */ = {
			isa = PBXGroup;
			children = (
				F19815792674E4E500E9218F /* WrongEventView.swift */,
				F198157A2674E4E500E9218F /* CheckedInView.swift */,
				F198157B2674E4E500E9218F /* RefundedView.swift */,
			);
			path = Status;
			sourceTree = "<group>";
		};
		F1981586267509BA00E9218F /* Alert */ = {
			isa = PBXGroup;
			children = (
				F198158926750C3100E9218F /* Views */,
				F198158726750A3F00E9218F /* AlertView.swift */,
			);
			path = Alert;
			sourceTree = "<group>";
		};
		F198158926750C3100E9218F /* Views */ = {
			isa = PBXGroup;
			children = (
				F198158A26750C4B00E9218F /* AlertContentView.swift */,
				F198158F267520F900E9218F /* AlertSubview.swift */,
			);
			path = Views;
			sourceTree = "<group>";
		};
		F198158C26750FAF00E9218F /* Alert */ = {
			isa = PBXGroup;
			children = (
				F198158D26750FD100E9218F /* AlertModel.swift */,
			);
			path = Alert;
			sourceTree = "<group>";
		};
		F198159A26763C1A00E9218F /* Stores */ = {
			isa = PBXGroup;
			children = (
				F138C4532678DB8700915BC5 /* App */,
				F1A8BA0126AF40B000BD4677 /* EventList */,
				F172FE8B266562F800FF9569 /* Login */,
				F19815A72676692000E9218F /* Scan */,
				F1DE370F2693B7A8001D11C0 /* Participants */,
			);
			path = Stores;
			sourceTree = "<group>";
		};
		F198159F2676539800E9218F /* ManualEnter */ = {
			isa = PBXGroup;
			children = (
				F10FAE60267681B100B55A28 /* TextField */,
				F1648D88266FF9C300F1FDC1 /* ShowManual */,
				F19815A0267653D300E9218F /* ManualEnterView.swift */,
			);
			path = ManualEnter;
			sourceTree = "<group>";
		};
		F19815A226765FCB00E9218F /* ShowCamera */ = {
			isa = PBXGroup;
			children = (
				F19815A326765FDF00E9218F /* ShowCameraView.swift */,
			);
			path = ShowCamera;
			sourceTree = "<group>";
		};
		F19815A72676692000E9218F /* Scan */ = {
			isa = PBXGroup;
			children = (
				F19815A82676698800E9218F /* ScanModel.swift */,
				F10FAE5B267677FA00B55A28 /* ScanStore.swift */,
			);
			path = Scan;
			sourceTree = "<group>";
		};
		F1A1C2482659BF41006F4922 /* LogInButton */ = {
			isa = PBXGroup;
			children = (
				F1A1C2492659BF7C006F4922 /* LogInButton.swift */,
			);
			path = LogInButton;
			sourceTree = "<group>";
		};
		F1A8BA0026AF3C8400BD4677 /* Api */ = {
			isa = PBXGroup;
			children = (
				F11BD1AB26B09B3200ED352D /* Scan */,
				F1102011267F366200AB420F /* AuthApiModel.swift */,
				F1A8B9FE26AF3C7C00BD4677 /* EventListApiModel.swift */,
			);
			path = Api;
			sourceTree = "<group>";
		};
		F1A8BA0126AF40B000BD4677 /* EventList */ = {
			isa = PBXGroup;
			children = (
				F1A8BA0226AF40C900BD4677 /* EventListModel.swift */,
				F1A8BA0426AF430700BD4677 /* EventListStore.swift */,
			);
			path = EventList;
			sourceTree = "<group>";
		};
		F1A8BA0926AFFD3900BD4677 /* View Modifiers */ = {
			isa = PBXGroup;
			children = (
				F1A8BA0C26AFFD5300BD4677 /* TextField */,
				F1A8BA0A26AFFD4D00BD4677 /* ClearButton.swift */,
			);
			path = "View Modifiers";
			sourceTree = "<group>";
		};
		F1A8BA0C26AFFD5300BD4677 /* TextField */ = {
			isa = PBXGroup;
			children = (
			);
			path = TextField;
			sourceTree = "<group>";
		};
		F1DE37072693A547001D11C0 /* Search Field */ = {
			isa = PBXGroup;
			children = (
				F1DE370A2693A583001D11C0 /* SearchFieldView.swift */,
			);
			path = "Search Field";
			sourceTree = "<group>";
		};
		F1DE370C2693B01E001D11C0 /* Filter */ = {
			isa = PBXGroup;
			children = (
				F1DE370D2693B038001D11C0 /* FilterView.swift */,
			);
			path = Filter;
			sourceTree = "<group>";
		};
		F1DE370F2693B7A8001D11C0 /* Participants */ = {
			isa = PBXGroup;
			children = (
				F1DE37102693B822001D11C0 /* ParticipantsModel.swift */,
				F1DE37122693BC01001D11C0 /* ParticipantsStore.swift */,
			);
			path = Participants;
			sourceTree = "<group>";
		};
		F1FCC334265EF7BD00951F8B /* String */ = {
			isa = PBXGroup;
			children = (
				F1FCC339265EF7DB00951F8B /* ua.strings */,
			);
			path = String;
			sourceTree = "<group>";
		};
/* End PBXGroup section */

/* Begin PBXNativeTarget section */
		F16985DC2653101600B26671 /* TicketScanner (iOS) */ = {
			isa = PBXNativeTarget;
			buildConfigurationList = F16985F12653101600B26671 /* Build configuration list for PBXNativeTarget "TicketScanner (iOS)" */;
			buildPhases = (
				F16985D92653101600B26671 /* Sources */,
				F16985DA2653101600B26671 /* Frameworks */,
				F16985DB2653101600B26671 /* Resources */,
			);
			buildRules = (
			);
			dependencies = (
			);
			name = "TicketScanner (iOS)";
			packageProductDependencies = (
				F1648D86266FEF9100F1FDC1 /* CodeScanner */,
			);
			productName = "TicketScanner (iOS)";
			productReference = F16985DD2653101600B26671 /* TicketScanner.app */;
			productType = "com.apple.product-type.application";
		};
/* End PBXNativeTarget section */

/* Begin PBXProject section */
		F16985D12653101400B26671 /* Project object */ = {
			isa = PBXProject;
			attributes = {
				LastSwiftUpdateCheck = 1250;
				LastUpgradeCheck = 1250;
				TargetAttributes = {
					F16985DC2653101600B26671 = {
						CreatedOnToolsVersion = 12.5;
					};
				};
			};
			buildConfigurationList = F16985D42653101400B26671 /* Build configuration list for PBXProject "TicketScanner" */;
			compatibilityVersion = "Xcode 9.3";
			developmentRegion = en;
			hasScannedForEncodings = 0;
			knownRegions = (
				en,
				Base,
			);
			mainGroup = F16985D02653101400B26671;
			packageReferences = (
				F1648D85266FEF9100F1FDC1 /* XCRemoteSwiftPackageReference "CodeScanner" */,
			);
			productRefGroup = F16985DE2653101600B26671 /* Products */;
			projectDirPath = "";
			projectRoot = "";
			targets = (
				F16985DC2653101600B26671 /* TicketScanner (iOS) */,
			);
		};
/* End PBXProject section */

/* Begin PBXResourcesBuildPhase section */
		F16985DB2653101600B26671 /* Resources */ = {
			isa = PBXResourcesBuildPhase;
			buildActionMask = 2147483647;
			files = (
				F1FCC337265EF7DB00951F8B /* ua.strings in Resources */,
				F1698607265321A000B26671 /* EKRepro-2204.otf in Resources */,
				F16985ED2653101600B26671 /* Assets.xcassets in Resources */,
			);
			runOnlyForDeploymentPostprocessing = 0;
		};
/* End PBXResourcesBuildPhase section */

/* Begin PBXSourcesBuildPhase section */
		F16985D92653101600B26671 /* Sources */ = {
			isa = PBXSourcesBuildPhase;
			buildActionMask = 2147483647;
			files = (
				F14BB48926AC528F004CA680 /* ParticipantsListView.swift in Sources */,
				F1FCC35F2660272E00951F8B /* KeyboardHeightHelper.swift in Sources */,
				F11BD1AD26B09B9F00ED352D /* ScanSuccessResultApiModel.swift in Sources */,
				F1102014267F387800AB420F /* ResponseHandler.swift in Sources */,
				F198157F2674E4E500E9218F /* TicketStatusView.swift in Sources */,
				F11A19E92674E088001AE455 /* Spacer.swift in Sources */,
				F1DE37112693B822001D11C0 /* ParticipantsModel.swift in Sources */,
				F19815802674E4E500E9218F /* OkButton.swift in Sources */,
				F1648D81266FE54700F1FDC1 /* ScanCameraView.swift in Sources */,
				F14BB49B26AC9FB3004CA680 /* LogoutBigButton.swift in Sources */,
				F1102009267EA4D200AB420F /* Keychain.swift in Sources */,
				F10A0D302655C76600487FD5 /* InfoFieldView.swift in Sources */,
				F10FAE5C267677FA00B55A28 /* ScanStore.swift in Sources */,
				F1FCC331265EF6EB00951F8B /* Defaults.swift in Sources */,
				F1FEC09C2659B862003B9235 /* SquareView.swift in Sources */,
				F138C44D2677D33700915BC5 /* UINavigationController.swift in Sources */,
				F1A8BA0526AF430700BD4677 /* EventListStore.swift in Sources */,
				F1648D64266D55CA00F1FDC1 /* DateFormatter.swift in Sources */,
				F1A8B9FF26AF3C7C00BD4677 /* EventListApiModel.swift in Sources */,
				F10A0D2A2655C44900487FD5 /* CredentialsView.swift in Sources */,
				F11BD1AF26B0B23C00ED352D /* Constants.swift in Sources */,
				F10A0D392655CCE700487FD5 /* Color.swift in Sources */,
				F10A0D3D2655D0BF00487FD5 /* CustomTextField.swift in Sources */,
				F1FCC333265EF79C00951F8B /* Global.swift in Sources */,
				F1102004267E9BFC00AB420F /* Requestable.swift in Sources */,
				F13986F0266D1E5F00AD3199 /* ActiveView.swift in Sources */,
				F198157E2674E4E500E9218F /* FullTicketView.swift in Sources */,
				F198158E26750FD100E9218F /* AlertModel.swift in Sources */,
				F1A8BA0726AF4D6B00BD4677 /* ScanFailResultApiModel.swift in Sources */,
				F19815A426765FDF00E9218F /* ShowCameraView.swift in Sources */,
				F1648D70266EB4BE00F1FDC1 /* ContactsView.swift in Sources */,
				F19815852674E4E500E9218F /* TicketSecondaryInfoView.swift in Sources */,
				F11A19C4267401FF001AE455 /* FullTicketModel.swift in Sources */,
				F1A1C24A2659BF7C006F4922 /* LogInButton.swift in Sources */,
				F1A8BA0326AF40C900BD4677 /* EventListModel.swift in Sources */,
				F10A0D2D2655C4D400487FD5 /* CheckInView.swift in Sources */,
				F198158826750A3F00E9218F /* AlertView.swift in Sources */,
				F1648D84266FE6B300F1FDC1 /* FlashView.swift in Sources */,
				F1572836266D014800F6BE64 /* LogoutButton.swift in Sources */,
				F1648D6E266EB4A900F1FDC1 /* ParticipantsView.swift in Sources */,
				F1572837266D026000F6BE64 /* EventsListView.swift in Sources */,
				F169860B265322C400B26671 /* Action.swift in Sources */,
				F19815A1267653D300E9218F /* ManualEnterView.swift in Sources */,
				F198159126752FE800E9218F /* ScanView.swift in Sources */,
				F11A19DE2674D44E001AE455 /* Text.swift in Sources */,
				F157283B266D14AD00F6BE64 /* EventDataView.swift in Sources */,
				F10FAE652676836700B55A28 /* ManualEnterTextField.swift in Sources */,
				F138C4552678DB9600915BC5 /* AppDataStore.swift in Sources */,
				F11A19E22674DD32001AE455 /* CenteringColumnPreferenceKey.swift in Sources */,
				F14BB49326AC595F004CA680 /* ParticipantFullTicketView.swift in Sources */,
				F138C4572678DBEB00915BC5 /* AppData.swift in Sources */,
				F1648D77266EBB4300F1FDC1 /* UITabBar.swift in Sources */,
				F1648D5E266D2B6B00F1FDC1 /* EventModel.swift in Sources */,
				F19815812674E4E500E9218F /* WrongEventView.swift in Sources */,
				F10A0D372655CB7900487FD5 /* Font.swift in Sources */,
				F19815832674E4E500E9218F /* RefundedView.swift in Sources */,
				F158F45E266569F100AB8AE6 /* String.swift in Sources */,
				F14BB49826AC91D6004CA680 /* ProfileSquareView.swift in Sources */,
				F138C4592678DE4200915BC5 /* AppRootView.swift in Sources */,
				F1981590267520F900E9218F /* AlertSubview.swift in Sources */,
				F14BB48C26AC54F2004CA680 /* TimeListView.swift in Sources */,
				F1648D8B266FFC1A00F1FDC1 /* ShowManualView.swift in Sources */,
				F1648D72266EB4C700F1FDC1 /* ProfileView.swift in Sources */,
				F110200C267EA51400AB420F /* AccessToken.swift in Sources */,
				F1DE370E2693B038001D11C0 /* FilterView.swift in Sources */,
				F172FE8D2665631A00FF9569 /* LoginCredentialsStore.swift in Sources */,
				F14BB48226AC42A2004CA680 /* ParticipantsInfoModel.swift in Sources */,
				F10FAE62267681C600B55A28 /* ManualEnterTextFieldContainer.swift in Sources */,
				F1DE370B2693A583001D11C0 /* SearchFieldView.swift in Sources */,
				F1102002267E9BC500AB420F /* ApiClient.swift in Sources */,
				F1648D60266D2F2100F1FDC1 /* Date.swift in Sources */,
				F19815A62676658B00E9218F /* SelectorHelper.swift in Sources */,
				F1A8BA0B26AFFD4D00BD4677 /* ClearButton.swift in Sources */,
				F16985EB2653101600B26671 /* RegistrationView.swift in Sources */,
				F198159926754B7E00E9218F /* View.swift in Sources */,
				F1648D7D266EC50A00F1FDC1 /* TabBarModel.swift in Sources */,
				F110200F267F333400AB420F /* MainApi.swift in Sources */,
				F19815822674E4E500E9218F /* CheckedInView.swift in Sources */,
				F14BB48F26AC589A004CA680 /* ParticipantTicketView.swift in Sources */,
				F1DE37132693BC01001D11C0 /* ParticipantsStore.swift in Sources */,
				F1648D7A266EBDFD00F1FDC1 /* EventsBackButton.swift in Sources */,
				F15BD055265DA27F0026B6DD /* CustomTextFieldSwift.swift in Sources */,
				F11A19E52674DD81001AE455 /* CenteringView.swift in Sources */,
				F172FE8A26655EAC00FF9569 /* LoginCredentialsModel.swift in Sources */,
				F198158B26750C4B00E9218F /* AlertContentView.swift in Sources */,
				F14BB49526AC596C004CA680 /* ParticipantSmallTicketView.swift in Sources */,
				F16985E92653101600B26671 /* TicketScannerApp.swift in Sources */,
				F11A19D626741715001AE455 /* LeadingText.swift in Sources */,
				F19815A92676698800E9218F /* ScanModel.swift in Sources */,
				F1102007267EA17100AB420F /* ApiManager.swift in Sources */,
				F138C4502677D67300915BC5 /* TicketBackButton.swift in Sources */,
				F1648D75266EB4E400F1FDC1 /* EventTabBarView.swift in Sources */,
				F1648D62266D4BC800F1FDC1 /* UINavigationBar.swift in Sources */,
				F19815842674E4E500E9218F /* TicketMainInfoView.swift in Sources */,
				F1102012267F366200AB420F /* AuthApiModel.swift in Sources */,
			);
			runOnlyForDeploymentPostprocessing = 0;
		};
/* End PBXSourcesBuildPhase section */

/* Begin PBXVariantGroup section */
		F1FCC339265EF7DB00951F8B /* ua.strings */ = {
			isa = PBXVariantGroup;
			children = (
				F1FCC338265EF7DB00951F8B /* en */,
			);
			name = ua.strings;
			sourceTree = "<group>";
		};
/* End PBXVariantGroup section */

/* Begin XCBuildConfiguration section */
		F16985EF2653101600B26671 /* Debug */ = {
			isa = XCBuildConfiguration;
			buildSettings = {
				ALWAYS_SEARCH_USER_PATHS = NO;
				CLANG_ANALYZER_NONNULL = YES;
				CLANG_ANALYZER_NUMBER_OBJECT_CONVERSION = YES_AGGRESSIVE;
				CLANG_CXX_LANGUAGE_STANDARD = "gnu++14";
				CLANG_CXX_LIBRARY = "libc++";
				CLANG_ENABLE_MODULES = YES;
				CLANG_ENABLE_OBJC_ARC = YES;
				CLANG_ENABLE_OBJC_WEAK = YES;
				CLANG_WARN_BLOCK_CAPTURE_AUTORELEASING = YES;
				CLANG_WARN_BOOL_CONVERSION = YES;
				CLANG_WARN_COMMA = YES;
				CLANG_WARN_CONSTANT_CONVERSION = YES;
				CLANG_WARN_DEPRECATED_OBJC_IMPLEMENTATIONS = YES;
				CLANG_WARN_DIRECT_OBJC_ISA_USAGE = YES_ERROR;
				CLANG_WARN_DOCUMENTATION_COMMENTS = YES;
				CLANG_WARN_EMPTY_BODY = YES;
				CLANG_WARN_ENUM_CONVERSION = YES;
				CLANG_WARN_INFINITE_RECURSION = YES;
				CLANG_WARN_INT_CONVERSION = YES;
				CLANG_WARN_NON_LITERAL_NULL_CONVERSION = YES;
				CLANG_WARN_OBJC_IMPLICIT_RETAIN_SELF = YES;
				CLANG_WARN_OBJC_LITERAL_CONVERSION = YES;
				CLANG_WARN_OBJC_ROOT_CLASS = YES_ERROR;
				CLANG_WARN_QUOTED_INCLUDE_IN_FRAMEWORK_HEADER = YES;
				CLANG_WARN_RANGE_LOOP_ANALYSIS = YES;
				CLANG_WARN_STRICT_PROTOTYPES = YES;
				CLANG_WARN_SUSPICIOUS_MOVE = YES;
				CLANG_WARN_UNGUARDED_AVAILABILITY = YES_AGGRESSIVE;
				CLANG_WARN_UNREACHABLE_CODE = YES;
				CLANG_WARN__DUPLICATE_METHOD_MATCH = YES;
				COPY_PHASE_STRIP = NO;
				DEBUG_INFORMATION_FORMAT = dwarf;
				ENABLE_STRICT_OBJC_MSGSEND = YES;
				ENABLE_TESTABILITY = YES;
				GCC_C_LANGUAGE_STANDARD = gnu11;
				GCC_DYNAMIC_NO_PIC = NO;
				GCC_NO_COMMON_BLOCKS = YES;
				GCC_OPTIMIZATION_LEVEL = 0;
				GCC_PREPROCESSOR_DEFINITIONS = (
					"DEBUG=1",
					"$(inherited)",
				);
				GCC_WARN_64_TO_32_BIT_CONVERSION = YES;
				GCC_WARN_ABOUT_RETURN_TYPE = YES_ERROR;
				GCC_WARN_UNDECLARED_SELECTOR = YES;
				GCC_WARN_UNINITIALIZED_AUTOS = YES_AGGRESSIVE;
				GCC_WARN_UNUSED_FUNCTION = YES;
				GCC_WARN_UNUSED_VARIABLE = YES;
				IPHONEOS_DEPLOYMENT_TARGET = 14.5;
				MTL_ENABLE_DEBUG_INFO = INCLUDE_SOURCE;
				MTL_FAST_MATH = YES;
				ONLY_ACTIVE_ARCH = YES;
				SWIFT_ACTIVE_COMPILATION_CONDITIONS = DEBUG;
				SWIFT_OPTIMIZATION_LEVEL = "-Onone";
			};
			name = Debug;
		};
		F16985F02653101600B26671 /* Release */ = {
			isa = XCBuildConfiguration;
			buildSettings = {
				ALWAYS_SEARCH_USER_PATHS = NO;
				CLANG_ANALYZER_NONNULL = YES;
				CLANG_ANALYZER_NUMBER_OBJECT_CONVERSION = YES_AGGRESSIVE;
				CLANG_CXX_LANGUAGE_STANDARD = "gnu++14";
				CLANG_CXX_LIBRARY = "libc++";
				CLANG_ENABLE_MODULES = YES;
				CLANG_ENABLE_OBJC_ARC = YES;
				CLANG_ENABLE_OBJC_WEAK = YES;
				CLANG_WARN_BLOCK_CAPTURE_AUTORELEASING = YES;
				CLANG_WARN_BOOL_CONVERSION = YES;
				CLANG_WARN_COMMA = YES;
				CLANG_WARN_CONSTANT_CONVERSION = YES;
				CLANG_WARN_DEPRECATED_OBJC_IMPLEMENTATIONS = YES;
				CLANG_WARN_DIRECT_OBJC_ISA_USAGE = YES_ERROR;
				CLANG_WARN_DOCUMENTATION_COMMENTS = YES;
				CLANG_WARN_EMPTY_BODY = YES;
				CLANG_WARN_ENUM_CONVERSION = YES;
				CLANG_WARN_INFINITE_RECURSION = YES;
				CLANG_WARN_INT_CONVERSION = YES;
				CLANG_WARN_NON_LITERAL_NULL_CONVERSION = YES;
				CLANG_WARN_OBJC_IMPLICIT_RETAIN_SELF = YES;
				CLANG_WARN_OBJC_LITERAL_CONVERSION = YES;
				CLANG_WARN_OBJC_ROOT_CLASS = YES_ERROR;
				CLANG_WARN_QUOTED_INCLUDE_IN_FRAMEWORK_HEADER = YES;
				CLANG_WARN_RANGE_LOOP_ANALYSIS = YES;
				CLANG_WARN_STRICT_PROTOTYPES = YES;
				CLANG_WARN_SUSPICIOUS_MOVE = YES;
				CLANG_WARN_UNGUARDED_AVAILABILITY = YES_AGGRESSIVE;
				CLANG_WARN_UNREACHABLE_CODE = YES;
				CLANG_WARN__DUPLICATE_METHOD_MATCH = YES;
				COPY_PHASE_STRIP = NO;
				DEBUG_INFORMATION_FORMAT = "dwarf-with-dsym";
				ENABLE_NS_ASSERTIONS = NO;
				ENABLE_STRICT_OBJC_MSGSEND = YES;
				GCC_C_LANGUAGE_STANDARD = gnu11;
				GCC_NO_COMMON_BLOCKS = YES;
				GCC_WARN_64_TO_32_BIT_CONVERSION = YES;
				GCC_WARN_ABOUT_RETURN_TYPE = YES_ERROR;
				GCC_WARN_UNDECLARED_SELECTOR = YES;
				GCC_WARN_UNINITIALIZED_AUTOS = YES_AGGRESSIVE;
				GCC_WARN_UNUSED_FUNCTION = YES;
				GCC_WARN_UNUSED_VARIABLE = YES;
				IPHONEOS_DEPLOYMENT_TARGET = 14.5;
				MTL_ENABLE_DEBUG_INFO = NO;
				MTL_FAST_MATH = YES;
				SWIFT_COMPILATION_MODE = wholemodule;
				SWIFT_OPTIMIZATION_LEVEL = "-O";
			};
			name = Release;
		};
		F16985F22653101600B26671 /* Debug */ = {
			isa = XCBuildConfiguration;
			buildSettings = {
				ASSETCATALOG_COMPILER_APPICON_NAME = AppIcon;
				ASSETCATALOG_COMPILER_GLOBAL_ACCENT_COLOR_NAME = "";
				CODE_SIGN_STYLE = Automatic;
				DEVELOPMENT_TEAM = 452NG5983H;
				ENABLE_PREVIEWS = YES;
				INFOPLIST_FILE = TicketScanner/Resources/Info.plist;
				IPHONEOS_DEPLOYMENT_TARGET = 14.1;
				LD_RUNPATH_SEARCH_PATHS = (
					"$(inherited)",
					"@executable_path/Frameworks",
				);
				PRODUCT_BUNDLE_IDENTIFIER = "ticket-scanner.com.TicketScanner";
				PRODUCT_NAME = TicketScanner;
				SDKROOT = iphoneos;
				SWIFT_VERSION = 5.0;
				TARGETED_DEVICE_FAMILY = 1;
			};
			name = Debug;
		};
		F16985F32653101600B26671 /* Release */ = {
			isa = XCBuildConfiguration;
			buildSettings = {
				ASSETCATALOG_COMPILER_APPICON_NAME = AppIcon;
				ASSETCATALOG_COMPILER_GLOBAL_ACCENT_COLOR_NAME = "";
				CODE_SIGN_STYLE = Automatic;
				DEVELOPMENT_TEAM = 452NG5983H;
				ENABLE_PREVIEWS = YES;
				INFOPLIST_FILE = TicketScanner/Resources/Info.plist;
				IPHONEOS_DEPLOYMENT_TARGET = 14.1;
				LD_RUNPATH_SEARCH_PATHS = (
					"$(inherited)",
					"@executable_path/Frameworks",
				);
				PRODUCT_BUNDLE_IDENTIFIER = "ticket-scanner.com.TicketScanner";
				PRODUCT_NAME = TicketScanner;
				SDKROOT = iphoneos;
				SWIFT_VERSION = 5.0;
				TARGETED_DEVICE_FAMILY = 1;
				VALIDATE_PRODUCT = YES;
			};
			name = Release;
		};
/* End XCBuildConfiguration section */

/* Begin XCConfigurationList section */
		F16985D42653101400B26671 /* Build configuration list for PBXProject "TicketScanner" */ = {
			isa = XCConfigurationList;
			buildConfigurations = (
				F16985EF2653101600B26671 /* Debug */,
				F16985F02653101600B26671 /* Release */,
			);
			defaultConfigurationIsVisible = 0;
			defaultConfigurationName = Release;
		};
		F16985F12653101600B26671 /* Build configuration list for PBXNativeTarget "TicketScanner (iOS)" */ = {
			isa = XCConfigurationList;
			buildConfigurations = (
				F16985F22653101600B26671 /* Debug */,
				F16985F32653101600B26671 /* Release */,
			);
			defaultConfigurationIsVisible = 0;
			defaultConfigurationName = Release;
		};
/* End XCConfigurationList section */

/* Begin XCRemoteSwiftPackageReference section */
		F1648D85266FEF9100F1FDC1 /* XCRemoteSwiftPackageReference "CodeScanner" */ = {
			isa = XCRemoteSwiftPackageReference;
			repositoryURL = "https://github.com/twostraws/CodeScanner";
			requirement = {
				kind = upToNextMajorVersion;
				minimumVersion = 1.0.7;
			};
		};
/* End XCRemoteSwiftPackageReference section */

/* Begin XCSwiftPackageProductDependency section */
		F1648D86266FEF9100F1FDC1 /* CodeScanner */ = {
			isa = XCSwiftPackageProductDependency;
			package = F1648D85266FEF9100F1FDC1 /* XCRemoteSwiftPackageReference "CodeScanner" */;
			productName = CodeScanner;
		};
/* End XCSwiftPackageProductDependency section */
	};
	rootObject = F16985D12653101400B26671 /* Project object */;
}
